// !$*UTF8*$!
{
	archiveVersion = 1;
	classes = {
	};
	objectVersion = 50;
	objects = {

/* Begin PBXBuildFile section */
		2B4B144D2320F8070017ADB1 /* GDoirsPhotoPickerToolbar.m in Sources */ = {isa = PBXBuildFile; fileRef = 2B4B144C2320F8070017ADB1 /* GDoirsPhotoPickerToolbar.m */; };
		2B4B14502320F9A20017ADB1 /* GDorisIMGButton.m in Sources */ = {isa = PBXBuildFile; fileRef = 2B4B144F2320F9A20017ADB1 /* GDorisIMGButton.m */; };
		2B4B14532320F9B70017ADB1 /* GAdjustButton.m in Sources */ = {isa = PBXBuildFile; fileRef = 2B4B14522320F9B70017ADB1 /* GAdjustButton.m */; };
		2BA1A79F231FF4BE0047CAED /* ViewController.m in Sources */ = {isa = PBXBuildFile; fileRef = 2BA1A776231FF4BD0047CAED /* ViewController.m */; };
		2BA1A7A0231FF4BE0047CAED /* GDorisWXPhotoEditController.m in Sources */ = {isa = PBXBuildFile; fileRef = 2BA1A778231FF4BD0047CAED /* GDorisWXPhotoEditController.m */; };
		2BA1A7A1231FF4BE0047CAED /* GDorisWXEditHitTestView.m in Sources */ = {isa = PBXBuildFile; fileRef = 2BA1A77A231FF4BD0047CAED /* GDorisWXEditHitTestView.m */; };
		2BA1A7A2231FF4BE0047CAED /* GDorisWXEditCropMaskView.m in Sources */ = {isa = PBXBuildFile; fileRef = 2BA1A77B231FF4BD0047CAED /* GDorisWXEditCropMaskView.m */; };
		2BA1A7A3231FF4BE0047CAED /* GDorisWXAlbumViewController.m in Sources */ = {isa = PBXBuildFile; fileRef = 2BA1A77F231FF4BD0047CAED /* GDorisWXAlbumViewController.m */; };
		2BA1A7A4231FF4BE0047CAED /* GDorisWXToolbar.m in Sources */ = {isa = PBXBuildFile; fileRef = 2BA1A780231FF4BD0047CAED /* GDorisWXToolbar.m */; };
		2BA1A7A5231FF4BE0047CAED /* GDorisWXPhotoBrowserController.m in Sources */ = {isa = PBXBuildFile; fileRef = 2BA1A781231FF4BD0047CAED /* GDorisWXPhotoBrowserController.m */; };
		2BA1A7A6231FF4BE0047CAED /* GDorisWXThumbnailContainer.m in Sources */ = {isa = PBXBuildFile; fileRef = 2BA1A782231FF4BD0047CAED /* GDorisWXThumbnailContainer.m */; };
		2BA1A7A7231FF4BE0047CAED /* GDorisWXPhotoPickerController.m in Sources */ = {isa = PBXBuildFile; fileRef = 2BA1A783231FF4BD0047CAED /* GDorisWXPhotoPickerController.m */; };
		2BA1A7A8231FF4BE0047CAED /* GDorisWXEditToolbar.m in Sources */ = {isa = PBXBuildFile; fileRef = 2BA1A786231FF4BD0047CAED /* GDorisWXEditToolbar.m */; };
		2BA1A7A9231FF4BE0047CAED /* GDorisWXPhotoCropController.m in Sources */ = {isa = PBXBuildFile; fileRef = 2BA1A788231FF4BD0047CAED /* GDorisWXPhotoCropController.m */; };
		2BA1A7AA231FF4BE0047CAED /* GNavigationButton.m in Sources */ = {isa = PBXBuildFile; fileRef = 2BA1A78A231FF4BD0047CAED /* GNavigationButton.m */; };
		2BA1A7AB231FF4BE0047CAED /* GNavigationBar.m in Sources */ = {isa = PBXBuildFile; fileRef = 2BA1A78E231FF4BD0047CAED /* GNavigationBar.m */; };
		2BA1A7AC231FF4BE0047CAED /* GNavItemFactory.m in Sources */ = {isa = PBXBuildFile; fileRef = 2BA1A790231FF4BD0047CAED /* GNavItemFactory.m */; };
		2BA1A7AD231FF4BE0047CAED /* GNavigationItem.m in Sources */ = {isa = PBXBuildFile; fileRef = 2BA1A791231FF4BD0047CAED /* GNavigationItem.m */; };
		2BA1A7AE231FF4BE0047CAED /* GDorisWXEditCropToolbar.m in Sources */ = {isa = PBXBuildFile; fileRef = 2BA1A793231FF4BD0047CAED /* GDorisWXEditCropToolbar.m */; };
		2BA1A7AF231FF4BE0047CAED /* GDorisWXEditColorPanel.m in Sources */ = {isa = PBXBuildFile; fileRef = 2BA1A794231FF4BD0047CAED /* GDorisWXEditColorPanel.m */; };
		2BA1A7B0231FF4BE0047CAED /* UIButton+GDoris.m in Sources */ = {isa = PBXBuildFile; fileRef = 2BA1A79C231FF4BD0047CAED /* UIButton+GDoris.m */; };
		2BA1A7B1231FF4BE0047CAED /* UIView+GDoris.m in Sources */ = {isa = PBXBuildFile; fileRef = 2BA1A79D231FF4BD0047CAED /* UIView+GDoris.m */; };
		2BA1A81E231FF4DB0047CAED /* GDorisScrollerPanGesutreRecognizer.m in Sources */ = {isa = PBXBuildFile; fileRef = 2BA1A7B4231FF4DB0047CAED /* GDorisScrollerPanGesutreRecognizer.m */; };
		2BA1A81F231FF4DB0047CAED /* GScrollerGestureTransition.m in Sources */ = {isa = PBXBuildFile; fileRef = 2BA1A7B5231FF4DB0047CAED /* GScrollerGestureTransition.m */; };
		2BA1A820231FF4DB0047CAED /* GDorisPhotoZoomAnimatedTransition.m in Sources */ = {isa = PBXBuildFile; fileRef = 2BA1A7B9231FF4DB0047CAED /* GDorisPhotoZoomAnimatedTransition.m */; };
		2BA1A821231FF4DB0047CAED /* GDorisAssetItem.m in Sources */ = {isa = PBXBuildFile; fileRef = 2BA1A7BD231FF4DB0047CAED /* GDorisAssetItem.m */; };
		2BA1A822231FF4DB0047CAED /* GDoris3DTouchPreviewController.m in Sources */ = {isa = PBXBuildFile; fileRef = 2BA1A7BF231FF4DB0047CAED /* GDoris3DTouchPreviewController.m */; };
		2BA1A823231FF4DB0047CAED /* GDorisBasePhotoPickerController.m in Sources */ = {isa = PBXBuildFile; fileRef = 2BA1A7C3231FF4DB0047CAED /* GDorisBasePhotoPickerController.m */; };
		2BA1A824231FF4DB0047CAED /* GDorisPhotoPickerCameraCell.m in Sources */ = {isa = PBXBuildFile; fileRef = 2BA1A7C8231FF4DB0047CAED /* GDorisPhotoPickerCameraCell.m */; };
		2BA1A825231FF4DB0047CAED /* GDorisAnimatedButton.m in Sources */ = {isa = PBXBuildFile; fileRef = 2BA1A7CA231FF4DB0047CAED /* GDorisAnimatedButton.m */; };
		2BA1A826231FF4DB0047CAED /* GDorisPhotoPickerBaseCell.m in Sources */ = {isa = PBXBuildFile; fileRef = 2BA1A7CD231FF4DB0047CAED /* GDorisPhotoPickerBaseCell.m */; };
		2BA1A827231FF4DB0047CAED /* GDorisPhotoAlbumTableView.m in Sources */ = {isa = PBXBuildFile; fileRef = 2BA1A7CE231FF4DB0047CAED /* GDorisPhotoAlbumTableView.m */; };
		2BA1A828231FF4DB0047CAED /* GDorisProgressView.m in Sources */ = {isa = PBXBuildFile; fileRef = 2BA1A7CF231FF4DB0047CAED /* GDorisProgressView.m */; };
		2BA1A829231FF4DB0047CAED /* GDorisLivePhotoPickerCell.m in Sources */ = {isa = PBXBuildFile; fileRef = 2BA1A7D1231FF4DB0047CAED /* GDorisLivePhotoPickerCell.m */; };
		2BA1A82A231FF4DB0047CAED /* GDorisGifPhotoPickerCell.m in Sources */ = {isa = PBXBuildFile; fileRef = 2BA1A7D3231FF4DB0047CAED /* GDorisGifPhotoPickerCell.m */; };
		2BA1A82B231FF4DB0047CAED /* GDorisPhotoAlbumCell.m in Sources */ = {isa = PBXBuildFile; fileRef = 2BA1A7D5231FF4DB0047CAED /* GDorisPhotoAlbumCell.m */; };
		2BA1A82C231FF4DB0047CAED /* GDorisPickerHandler.m in Sources */ = {isa = PBXBuildFile; fileRef = 2BA1A7D7231FF4DB0047CAED /* GDorisPickerHandler.m */; };
		2BA1A82D231FF4DB0047CAED /* UICollectionViewCell+GDorisWorker.m in Sources */ = {isa = PBXBuildFile; fileRef = 2BA1A7D8231FF4DB0047CAED /* UICollectionViewCell+GDorisWorker.m */; };
		2BA1A82E231FF4DB0047CAED /* GDorisRunLoopWorker.m in Sources */ = {isa = PBXBuildFile; fileRef = 2BA1A7DA231FF4DB0047CAED /* GDorisRunLoopWorker.m */; };
		2BA1A82F231FF4DB0047CAED /* GDorisPhotoActionHandler.m in Sources */ = {isa = PBXBuildFile; fileRef = 2BA1A7DC231FF4DB0047CAED /* GDorisPhotoActionHandler.m */; };
		2BA1A830231FF4DB0047CAED /* GDorisPhotoPicker.bundle in Resources */ = {isa = PBXBuildFile; fileRef = 2BA1A7DE231FF4DB0047CAED /* GDorisPhotoPicker.bundle */; };
		2BA1A831231FF4DB0047CAED /* GDorisPhotoPickerConfiguration.m in Sources */ = {isa = PBXBuildFile; fileRef = 2BA1A7E1231FF4DB0047CAED /* GDorisPhotoPickerConfiguration.m */; };
		2BA1A832231FF4DB0047CAED /* GDorisPhotoHelper.m in Sources */ = {isa = PBXBuildFile; fileRef = 2BA1A7E3231FF4DB0047CAED /* GDorisPhotoHelper.m */; };
		2BA1A833231FF4DB0047CAED /* XCAssetsManager.m in Sources */ = {isa = PBXBuildFile; fileRef = 2BA1A7E8231FF4DB0047CAED /* XCAssetsManager.m */; };
		2BA1A834231FF4DB0047CAED /* XCAsset.m in Sources */ = {isa = PBXBuildFile; fileRef = 2BA1A7E9231FF4DB0047CAED /* XCAsset.m */; };
		2BA1A835231FF4DB0047CAED /* XCAssetsGroup.m in Sources */ = {isa = PBXBuildFile; fileRef = 2BA1A7EA231FF4DB0047CAED /* XCAssetsGroup.m */; };
		2BA1A836231FF4DB0047CAED /* GDorisVertex.m in Sources */ = {isa = PBXBuildFile; fileRef = 2BA1A7EF231FF4DB0047CAED /* GDorisVertex.m */; };
		2BA1A837231FF4DB0047CAED /* GDorisCanvasLayerView.m in Sources */ = {isa = PBXBuildFile; fileRef = 2BA1A7F0231FF4DB0047CAED /* GDorisCanvasLayerView.m */; };
		2BA1A838231FF4DB0047CAED /* GDorisLine.m in Sources */ = {isa = PBXBuildFile; fileRef = 2BA1A7F2231FF4DB0047CAED /* GDorisLine.m */; };
		2BA1A839231FF4DB0047CAED /* GDorisCanvasView.m in Sources */ = {isa = PBXBuildFile; fileRef = 2BA1A7F5231FF4DB0047CAED /* GDorisCanvasView.m */; };
		2BA1A83A231FF4DB0047CAED /* UIImage+GDorisDraw.m in Sources */ = {isa = PBXBuildFile; fileRef = 2BA1A7F6231FF4DB0047CAED /* UIImage+GDorisDraw.m */; };
		2BA1A83B231FF4DB0047CAED /* GDorisPhotoTextView.m in Sources */ = {isa = PBXBuildFile; fileRef = 2BA1A7F9231FF4DB0047CAED /* GDorisPhotoTextView.m */; };
		2BA1A83C231FF4DB0047CAED /* GDorisPhotoInputView.m in Sources */ = {isa = PBXBuildFile; fileRef = 2BA1A7FA231FF4DB0047CAED /* GDorisPhotoInputView.m */; };
		2BA1A83D231FF4DB0047CAED /* GDorisInputViewController.m in Sources */ = {isa = PBXBuildFile; fileRef = 2BA1A7FB231FF4DB0047CAED /* GDorisInputViewController.m */; };
		2BA1A83E231FF4DB0047CAED /* GDorisDragDropView.m in Sources */ = {isa = PBXBuildFile; fileRef = 2BA1A801231FF4DB0047CAED /* GDorisDragDropView.m */; };
		2BA1A83F231FF4DB0047CAED /* GDorisCropView.m in Sources */ = {isa = PBXBuildFile; fileRef = 2BA1A804231FF4DB0047CAED /* GDorisCropView.m */; };
		2BA1A840231FF4DB0047CAED /* UIImage+GDorisCropRotate.m in Sources */ = {isa = PBXBuildFile; fileRef = 2BA1A807231FF4DB0047CAED /* UIImage+GDorisCropRotate.m */; };
		2BA1A841231FF4DB0047CAED /* GDorisCropScrollView.m in Sources */ = {isa = PBXBuildFile; fileRef = 2BA1A809231FF4DB0047CAED /* GDorisCropScrollView.m */; };
		2BA1A842231FF4DB0047CAED /* GDorisCropOverlayView.m in Sources */ = {isa = PBXBuildFile; fileRef = 2BA1A80A231FF4DB0047CAED /* GDorisCropOverlayView.m */; };
		2BA1A843231FF4DB0047CAED /* GDorisBasePhotoBrowserController.m in Sources */ = {isa = PBXBuildFile; fileRef = 2BA1A80F231FF4DB0047CAED /* GDorisBasePhotoBrowserController.m */; };
		2BA1A844231FF4DB0047CAED /* GDorisTiledLayerView.m in Sources */ = {isa = PBXBuildFile; fileRef = 2BA1A813231FF4DB0047CAED /* GDorisTiledLayerView.m */; };
		2BA1A845231FF4DB0047CAED /* GDorisPhotoBrowserContentCell.m in Sources */ = {isa = PBXBuildFile; fileRef = 2BA1A816231FF4DB0047CAED /* GDorisPhotoBrowserContentCell.m */; };
		2BA1A846231FF4DB0047CAED /* GDorisPhotoBrowserVideoCell.m in Sources */ = {isa = PBXBuildFile; fileRef = 2BA1A817231FF4DB0047CAED /* GDorisPhotoBrowserVideoCell.m */; };
		2BA1A847231FF4DB0047CAED /* GDorisPhotoBrowserAnimationCell.m in Sources */ = {isa = PBXBuildFile; fileRef = 2BA1A819231FF4DB0047CAED /* GDorisPhotoBrowserAnimationCell.m */; };
		2BA1A848231FF4DB0047CAED /* GDorisLargeImageView.m in Sources */ = {isa = PBXBuildFile; fileRef = 2BA1A81B231FF4DB0047CAED /* GDorisLargeImageView.m */; };
		2BA1A84F231FF7AF0047CAED /* UINavigationController+XCCStatusBar.m in Sources */ = {isa = PBXBuildFile; fileRef = 2BA1A84D231FF7AF0047CAED /* UINavigationController+XCCStatusBar.m */; };
		2BA1A852231FF9270047CAED /* GDorisBasePhotoPickerBrowserController.m in Sources */ = {isa = PBXBuildFile; fileRef = 2BA1A851231FF9270047CAED /* GDorisBasePhotoPickerBrowserController.m */; };
		2BA1A855232002910047CAED /* GDorisPhotoPickerBrowserCell.m in Sources */ = {isa = PBXBuildFile; fileRef = 2BA1A854232002910047CAED /* GDorisPhotoPickerBrowserCell.m */; };
		2BA1A858232007410047CAED /* GDorisPhotoItem.m in Sources */ = {isa = PBXBuildFile; fileRef = 2BA1A857232007410047CAED /* GDorisPhotoItem.m */; };
		2BA1A85F23200CD40047CAED /* GDorisPhotoBrowserController.m in Sources */ = {isa = PBXBuildFile; fileRef = 2BA1A85E23200CD40047CAED /* GDorisPhotoBrowserController.m */; };
		2BA1A86223200CF50047CAED /* GDorisPhotoPickerBrowserController.m in Sources */ = {isa = PBXBuildFile; fileRef = 2BA1A86123200CF50047CAED /* GDorisPhotoPickerBrowserController.m */; };
		2BA1A86523200D140047CAED /* GDorisPhotoPickerController.m in Sources */ = {isa = PBXBuildFile; fileRef = 2BA1A86423200D140047CAED /* GDorisPhotoPickerController.m */; };
		2BBF095A21B80D02006132E6 /* AppDelegate.m in Sources */ = {isa = PBXBuildFile; fileRef = 2BBF095921B80D02006132E6 /* AppDelegate.m */; };
		2BBF096021B80D02006132E6 /* Main.storyboard in Resources */ = {isa = PBXBuildFile; fileRef = 2BBF095E21B80D02006132E6 /* Main.storyboard */; };
		2BBF096221B80D04006132E6 /* Assets.xcassets in Resources */ = {isa = PBXBuildFile; fileRef = 2BBF096121B80D04006132E6 /* Assets.xcassets */; };
		2BBF096521B80D04006132E6 /* LaunchScreen.storyboard in Resources */ = {isa = PBXBuildFile; fileRef = 2BBF096321B80D04006132E6 /* LaunchScreen.storyboard */; };
		2BBF096821B80D04006132E6 /* main.m in Sources */ = {isa = PBXBuildFile; fileRef = 2BBF096721B80D04006132E6 /* main.m */; };
		2BBF097221B80D04006132E6 /* GDorisPhotoKitExampleTests.m in Sources */ = {isa = PBXBuildFile; fileRef = 2BBF097121B80D04006132E6 /* GDorisPhotoKitExampleTests.m */; };
		2BBF097D21B80D04006132E6 /* GDorisPhotoKitExampleUITests.m in Sources */ = {isa = PBXBuildFile; fileRef = 2BBF097C21B80D04006132E6 /* GDorisPhotoKitExampleUITests.m */; };
		91EBAB3F0367EDD63A76D5A6 /* libPods-GDorisPhotoKitExampleTests.a in Frameworks */ = {isa = PBXBuildFile; fileRef = 3AE2CEE6CA1E1F98B89D1B3A /* libPods-GDorisPhotoKitExampleTests.a */; };
		D6E4FC791A54F7B1D03A4DC0 /* libPods-GDorisPhotoKitExampleUITests.a in Frameworks */ = {isa = PBXBuildFile; fileRef = 2D7DD12A61514F5B578C9952 /* libPods-GDorisPhotoKitExampleUITests.a */; };
		EA913644A0F9E2EBE4FAC7AE /* libPods-GDorisPhotoKitExample.a in Frameworks */ = {isa = PBXBuildFile; fileRef = FA56D59D491AFDFDC83295A4 /* libPods-GDorisPhotoKitExample.a */; };
/* End PBXBuildFile section */

/* Begin PBXContainerItemProxy section */
		2BBF096E21B80D04006132E6 /* PBXContainerItemProxy */ = {
			isa = PBXContainerItemProxy;
			containerPortal = 2BBF094D21B80D02006132E6 /* Project object */;
			proxyType = 1;
			remoteGlobalIDString = 2BBF095421B80D02006132E6;
			remoteInfo = GDorisPhotoKitExample;
		};
		2BBF097921B80D04006132E6 /* PBXContainerItemProxy */ = {
			isa = PBXContainerItemProxy;
			containerPortal = 2BBF094D21B80D02006132E6 /* Project object */;
			proxyType = 1;
			remoteGlobalIDString = 2BBF095421B80D02006132E6;
			remoteInfo = GDorisPhotoKitExample;
		};
/* End PBXContainerItemProxy section */

/* Begin PBXFileReference section */
		2B4B144B2320F8070017ADB1 /* GDoirsPhotoPickerToolbar.h */ = {isa = PBXFileReference; lastKnownFileType = sourcecode.c.h; path = GDoirsPhotoPickerToolbar.h; sourceTree = "<group>"; };
		2B4B144C2320F8070017ADB1 /* GDoirsPhotoPickerToolbar.m */ = {isa = PBXFileReference; lastKnownFileType = sourcecode.c.objc; path = GDoirsPhotoPickerToolbar.m; sourceTree = "<group>"; };
		2B4B144E2320F9A20017ADB1 /* GDorisIMGButton.h */ = {isa = PBXFileReference; lastKnownFileType = sourcecode.c.h; path = GDorisIMGButton.h; sourceTree = "<group>"; };
		2B4B144F2320F9A20017ADB1 /* GDorisIMGButton.m */ = {isa = PBXFileReference; lastKnownFileType = sourcecode.c.objc; path = GDorisIMGButton.m; sourceTree = "<group>"; };
		2B4B14512320F9B70017ADB1 /* GAdjustButton.h */ = {isa = PBXFileReference; fileEncoding = 4; lastKnownFileType = sourcecode.c.h; path = GAdjustButton.h; sourceTree = "<group>"; };
		2B4B14522320F9B70017ADB1 /* GAdjustButton.m */ = {isa = PBXFileReference; fileEncoding = 4; lastKnownFileType = sourcecode.c.objc; path = GAdjustButton.m; sourceTree = "<group>"; };
		2BA1A774231FF4BD0047CAED /* ViewController.h */ = {isa = PBXFileReference; fileEncoding = 4; lastKnownFileType = sourcecode.c.h; path = ViewController.h; sourceTree = "<group>"; };
		2BA1A776231FF4BD0047CAED /* ViewController.m */ = {isa = PBXFileReference; fileEncoding = 4; lastKnownFileType = sourcecode.c.objc; path = ViewController.m; sourceTree = "<group>"; };
		2BA1A778231FF4BD0047CAED /* GDorisWXPhotoEditController.m */ = {isa = PBXFileReference; fileEncoding = 4; lastKnownFileType = sourcecode.c.objc; path = GDorisWXPhotoEditController.m; sourceTree = "<group>"; };
		2BA1A779231FF4BD0047CAED /* GDorisWXEditToolbar.h */ = {isa = PBXFileReference; fileEncoding = 4; lastKnownFileType = sourcecode.c.h; path = GDorisWXEditToolbar.h; sourceTree = "<group>"; };
		2BA1A77A231FF4BD0047CAED /* GDorisWXEditHitTestView.m */ = {isa = PBXFileReference; fileEncoding = 4; lastKnownFileType = sourcecode.c.objc; path = GDorisWXEditHitTestView.m; sourceTree = "<group>"; };
		2BA1A77B231FF4BD0047CAED /* GDorisWXEditCropMaskView.m */ = {isa = PBXFileReference; fileEncoding = 4; lastKnownFileType = sourcecode.c.objc; path = GDorisWXEditCropMaskView.m; sourceTree = "<group>"; };
		2BA1A77C231FF4BD0047CAED /* GDorisWXEditCropToolbar.h */ = {isa = PBXFileReference; fileEncoding = 4; lastKnownFileType = sourcecode.c.h; path = GDorisWXEditCropToolbar.h; sourceTree = "<group>"; };
		2BA1A77D231FF4BD0047CAED /* GDorisWXPhotoCropController.h */ = {isa = PBXFileReference; fileEncoding = 4; lastKnownFileType = sourcecode.c.h; path = GDorisWXPhotoCropController.h; sourceTree = "<group>"; };
		2BA1A77E231FF4BD0047CAED /* GDorisWXEditColorPanel.h */ = {isa = PBXFileReference; fileEncoding = 4; lastKnownFileType = sourcecode.c.h; path = GDorisWXEditColorPanel.h; sourceTree = "<group>"; };
		2BA1A77F231FF4BD0047CAED /* GDorisWXAlbumViewController.m */ = {isa = PBXFileReference; fileEncoding = 4; lastKnownFileType = sourcecode.c.objc; path = GDorisWXAlbumViewController.m; sourceTree = "<group>"; };
		2BA1A780231FF4BD0047CAED /* GDorisWXToolbar.m */ = {isa = PBXFileReference; fileEncoding = 4; lastKnownFileType = sourcecode.c.objc; path = GDorisWXToolbar.m; sourceTree = "<group>"; };
		2BA1A781231FF4BD0047CAED /* GDorisWXPhotoBrowserController.m */ = {isa = PBXFileReference; fileEncoding = 4; lastKnownFileType = sourcecode.c.objc; path = GDorisWXPhotoBrowserController.m; sourceTree = "<group>"; };
		2BA1A782231FF4BD0047CAED /* GDorisWXThumbnailContainer.m */ = {isa = PBXFileReference; fileEncoding = 4; lastKnownFileType = sourcecode.c.objc; path = GDorisWXThumbnailContainer.m; sourceTree = "<group>"; };
		2BA1A783231FF4BD0047CAED /* GDorisWXPhotoPickerController.m */ = {isa = PBXFileReference; fileEncoding = 4; lastKnownFileType = sourcecode.c.objc; path = GDorisWXPhotoPickerController.m; sourceTree = "<group>"; };
		2BA1A784231FF4BD0047CAED /* GDorisWXEditHitTestView.h */ = {isa = PBXFileReference; fileEncoding = 4; lastKnownFileType = sourcecode.c.h; path = GDorisWXEditHitTestView.h; sourceTree = "<group>"; };
		2BA1A785231FF4BD0047CAED /* GDorisWXEditCropMaskView.h */ = {isa = PBXFileReference; fileEncoding = 4; lastKnownFileType = sourcecode.c.h; path = GDorisWXEditCropMaskView.h; sourceTree = "<group>"; };
		2BA1A786231FF4BD0047CAED /* GDorisWXEditToolbar.m */ = {isa = PBXFileReference; fileEncoding = 4; lastKnownFileType = sourcecode.c.objc; path = GDorisWXEditToolbar.m; sourceTree = "<group>"; };
		2BA1A787231FF4BD0047CAED /* GDorisWXPhotoEditController.h */ = {isa = PBXFileReference; fileEncoding = 4; lastKnownFileType = sourcecode.c.h; path = GDorisWXPhotoEditController.h; sourceTree = "<group>"; };
		2BA1A788231FF4BD0047CAED /* GDorisWXPhotoCropController.m */ = {isa = PBXFileReference; fileEncoding = 4; lastKnownFileType = sourcecode.c.objc; path = GDorisWXPhotoCropController.m; sourceTree = "<group>"; };
		2BA1A78A231FF4BD0047CAED /* GNavigationButton.m */ = {isa = PBXFileReference; fileEncoding = 4; lastKnownFileType = sourcecode.c.objc; path = GNavigationButton.m; sourceTree = "<group>"; };
		2BA1A78B231FF4BD0047CAED /* GNavItemFactory.h */ = {isa = PBXFileReference; fileEncoding = 4; lastKnownFileType = sourcecode.c.h; path = GNavItemFactory.h; sourceTree = "<group>"; };
		2BA1A78C231FF4BD0047CAED /* GNavigationItem.h */ = {isa = PBXFileReference; fileEncoding = 4; lastKnownFileType = sourcecode.c.h; path = GNavigationItem.h; sourceTree = "<group>"; };
		2BA1A78D231FF4BD0047CAED /* GNavigationMacro.h */ = {isa = PBXFileReference; fileEncoding = 4; lastKnownFileType = sourcecode.c.h; path = GNavigationMacro.h; sourceTree = "<group>"; };
		2BA1A78E231FF4BD0047CAED /* GNavigationBar.m */ = {isa = PBXFileReference; fileEncoding = 4; lastKnownFileType = sourcecode.c.objc; path = GNavigationBar.m; sourceTree = "<group>"; };
		2BA1A78F231FF4BD0047CAED /* GNavigationButton.h */ = {isa = PBXFileReference; fileEncoding = 4; lastKnownFileType = sourcecode.c.h; path = GNavigationButton.h; sourceTree = "<group>"; };
		2BA1A790231FF4BD0047CAED /* GNavItemFactory.m */ = {isa = PBXFileReference; fileEncoding = 4; lastKnownFileType = sourcecode.c.objc; path = GNavItemFactory.m; sourceTree = "<group>"; };
		2BA1A791231FF4BD0047CAED /* GNavigationItem.m */ = {isa = PBXFileReference; fileEncoding = 4; lastKnownFileType = sourcecode.c.objc; path = GNavigationItem.m; sourceTree = "<group>"; };
		2BA1A792231FF4BD0047CAED /* GNavigationBar.h */ = {isa = PBXFileReference; fileEncoding = 4; lastKnownFileType = sourcecode.c.h; path = GNavigationBar.h; sourceTree = "<group>"; };
		2BA1A793231FF4BD0047CAED /* GDorisWXEditCropToolbar.m */ = {isa = PBXFileReference; fileEncoding = 4; lastKnownFileType = sourcecode.c.objc; path = GDorisWXEditCropToolbar.m; sourceTree = "<group>"; };
		2BA1A794231FF4BD0047CAED /* GDorisWXEditColorPanel.m */ = {isa = PBXFileReference; fileEncoding = 4; lastKnownFileType = sourcecode.c.objc; path = GDorisWXEditColorPanel.m; sourceTree = "<group>"; };
		2BA1A795231FF4BD0047CAED /* GDorisWXPhotoPickerController.h */ = {isa = PBXFileReference; fileEncoding = 4; lastKnownFileType = sourcecode.c.h; path = GDorisWXPhotoPickerController.h; sourceTree = "<group>"; };
		2BA1A796231FF4BD0047CAED /* GDorisWXThumbnailContainer.h */ = {isa = PBXFileReference; fileEncoding = 4; lastKnownFileType = sourcecode.c.h; path = GDorisWXThumbnailContainer.h; sourceTree = "<group>"; };
		2BA1A797231FF4BD0047CAED /* GDorisWXPhotoBrowserController.h */ = {isa = PBXFileReference; fileEncoding = 4; lastKnownFileType = sourcecode.c.h; path = GDorisWXPhotoBrowserController.h; sourceTree = "<group>"; };
		2BA1A798231FF4BD0047CAED /* GDorisWXToolbar.h */ = {isa = PBXFileReference; fileEncoding = 4; lastKnownFileType = sourcecode.c.h; path = GDorisWXToolbar.h; sourceTree = "<group>"; };
		2BA1A79A231FF4BD0047CAED /* UIView+GDoris.h */ = {isa = PBXFileReference; fileEncoding = 4; lastKnownFileType = sourcecode.c.h; path = "UIView+GDoris.h"; sourceTree = "<group>"; };
		2BA1A79B231FF4BD0047CAED /* UIButton+GDoris.h */ = {isa = PBXFileReference; fileEncoding = 4; lastKnownFileType = sourcecode.c.h; path = "UIButton+GDoris.h"; sourceTree = "<group>"; };
		2BA1A79C231FF4BD0047CAED /* UIButton+GDoris.m */ = {isa = PBXFileReference; fileEncoding = 4; lastKnownFileType = sourcecode.c.objc; path = "UIButton+GDoris.m"; sourceTree = "<group>"; };
		2BA1A79D231FF4BD0047CAED /* UIView+GDoris.m */ = {isa = PBXFileReference; fileEncoding = 4; lastKnownFileType = sourcecode.c.objc; path = "UIView+GDoris.m"; sourceTree = "<group>"; };
		2BA1A79E231FF4BD0047CAED /* GDorisWXAlbumViewController.h */ = {isa = PBXFileReference; fileEncoding = 4; lastKnownFileType = sourcecode.c.h; path = GDorisWXAlbumViewController.h; sourceTree = "<group>"; };
		2BA1A7B4231FF4DB0047CAED /* GDorisScrollerPanGesutreRecognizer.m */ = {isa = PBXFileReference; fileEncoding = 4; lastKnownFileType = sourcecode.c.objc; path = GDorisScrollerPanGesutreRecognizer.m; sourceTree = "<group>"; };
		2BA1A7B5231FF4DB0047CAED /* GScrollerGestureTransition.m */ = {isa = PBXFileReference; fileEncoding = 4; lastKnownFileType = sourcecode.c.objc; path = GScrollerGestureTransition.m; sourceTree = "<group>"; };
		2BA1A7B6231FF4DB0047CAED /* GDorisPhotoZoomAnimatedTransition.h */ = {isa = PBXFileReference; fileEncoding = 4; lastKnownFileType = sourcecode.c.h; path = GDorisPhotoZoomAnimatedTransition.h; sourceTree = "<group>"; };
		2BA1A7B7231FF4DB0047CAED /* GDorisScrollerPanGesutreRecognizer.h */ = {isa = PBXFileReference; fileEncoding = 4; lastKnownFileType = sourcecode.c.h; path = GDorisScrollerPanGesutreRecognizer.h; sourceTree = "<group>"; };
		2BA1A7B8231FF4DB0047CAED /* GScrollerGestureTransition.h */ = {isa = PBXFileReference; fileEncoding = 4; lastKnownFileType = sourcecode.c.h; path = GScrollerGestureTransition.h; sourceTree = "<group>"; };
		2BA1A7B9231FF4DB0047CAED /* GDorisPhotoZoomAnimatedTransition.m */ = {isa = PBXFileReference; fileEncoding = 4; lastKnownFileType = sourcecode.c.objc; path = GDorisPhotoZoomAnimatedTransition.m; sourceTree = "<group>"; };
		2BA1A7BC231FF4DB0047CAED /* GDorisAssetItem.h */ = {isa = PBXFileReference; fileEncoding = 4; lastKnownFileType = sourcecode.c.h; path = GDorisAssetItem.h; sourceTree = "<group>"; };
		2BA1A7BD231FF4DB0047CAED /* GDorisAssetItem.m */ = {isa = PBXFileReference; fileEncoding = 4; lastKnownFileType = sourcecode.c.objc; path = GDorisAssetItem.m; sourceTree = "<group>"; };
		2BA1A7BF231FF4DB0047CAED /* GDoris3DTouchPreviewController.m */ = {isa = PBXFileReference; fileEncoding = 4; lastKnownFileType = sourcecode.c.objc; path = GDoris3DTouchPreviewController.m; sourceTree = "<group>"; };
		2BA1A7C0231FF4DB0047CAED /* GDorisPhotoPickerControllerInternal.h */ = {isa = PBXFileReference; fileEncoding = 4; lastKnownFileType = sourcecode.c.h; path = GDorisPhotoPickerControllerInternal.h; sourceTree = "<group>"; };
		2BA1A7C1231FF4DB0047CAED /* GDorisBasePhotoPickerController.h */ = {isa = PBXFileReference; fileEncoding = 4; lastKnownFileType = sourcecode.c.h; path = GDorisBasePhotoPickerController.h; sourceTree = "<group>"; };
		2BA1A7C2231FF4DB0047CAED /* GDoris3DTouchPreviewController.h */ = {isa = PBXFileReference; fileEncoding = 4; lastKnownFileType = sourcecode.c.h; path = GDoris3DTouchPreviewController.h; sourceTree = "<group>"; };
		2BA1A7C3231FF4DB0047CAED /* GDorisBasePhotoPickerController.m */ = {isa = PBXFileReference; fileEncoding = 4; lastKnownFileType = sourcecode.c.objc; path = GDorisBasePhotoPickerController.m; sourceTree = "<group>"; };
		2BA1A7C5231FF4DB0047CAED /* GDorisProgressView.h */ = {isa = PBXFileReference; fileEncoding = 4; lastKnownFileType = sourcecode.c.h; path = GDorisProgressView.h; sourceTree = "<group>"; };
		2BA1A7C6231FF4DB0047CAED /* GDorisPhotoAlbumTableView.h */ = {isa = PBXFileReference; fileEncoding = 4; lastKnownFileType = sourcecode.c.h; path = GDorisPhotoAlbumTableView.h; sourceTree = "<group>"; };
		2BA1A7C7231FF4DB0047CAED /* GDorisPhotoPickerCellProtocol.h */ = {isa = PBXFileReference; fileEncoding = 4; lastKnownFileType = sourcecode.c.h; path = GDorisPhotoPickerCellProtocol.h; sourceTree = "<group>"; };
		2BA1A7C8231FF4DB0047CAED /* GDorisPhotoPickerCameraCell.m */ = {isa = PBXFileReference; fileEncoding = 4; lastKnownFileType = sourcecode.c.objc; path = GDorisPhotoPickerCameraCell.m; sourceTree = "<group>"; };
		2BA1A7C9231FF4DB0047CAED /* GDorisGifPhotoPickerCell.h */ = {isa = PBXFileReference; fileEncoding = 4; lastKnownFileType = sourcecode.c.h; path = GDorisGifPhotoPickerCell.h; sourceTree = "<group>"; };
		2BA1A7CA231FF4DB0047CAED /* GDorisAnimatedButton.m */ = {isa = PBXFileReference; fileEncoding = 4; lastKnownFileType = sourcecode.c.objc; path = GDorisAnimatedButton.m; sourceTree = "<group>"; };
		2BA1A7CB231FF4DB0047CAED /* GDorisLivePhotoPickerCell.h */ = {isa = PBXFileReference; fileEncoding = 4; lastKnownFileType = sourcecode.c.h; path = GDorisLivePhotoPickerCell.h; sourceTree = "<group>"; };
		2BA1A7CC231FF4DB0047CAED /* GDorisPhotoAlbumCell.h */ = {isa = PBXFileReference; fileEncoding = 4; lastKnownFileType = sourcecode.c.h; path = GDorisPhotoAlbumCell.h; sourceTree = "<group>"; };
		2BA1A7CD231FF4DB0047CAED /* GDorisPhotoPickerBaseCell.m */ = {isa = PBXFileReference; fileEncoding = 4; lastKnownFileType = sourcecode.c.objc; path = GDorisPhotoPickerBaseCell.m; sourceTree = "<group>"; };
		2BA1A7CE231FF4DB0047CAED /* GDorisPhotoAlbumTableView.m */ = {isa = PBXFileReference; fileEncoding = 4; lastKnownFileType = sourcecode.c.objc; path = GDorisPhotoAlbumTableView.m; sourceTree = "<group>"; };
		2BA1A7CF231FF4DB0047CAED /* GDorisProgressView.m */ = {isa = PBXFileReference; fileEncoding = 4; lastKnownFileType = sourcecode.c.objc; path = GDorisProgressView.m; sourceTree = "<group>"; };
		2BA1A7D0231FF4DB0047CAED /* GDorisPhotoPickerCameraCell.h */ = {isa = PBXFileReference; fileEncoding = 4; lastKnownFileType = sourcecode.c.h; path = GDorisPhotoPickerCameraCell.h; sourceTree = "<group>"; };
		2BA1A7D1231FF4DB0047CAED /* GDorisLivePhotoPickerCell.m */ = {isa = PBXFileReference; fileEncoding = 4; lastKnownFileType = sourcecode.c.objc; path = GDorisLivePhotoPickerCell.m; sourceTree = "<group>"; };
		2BA1A7D2231FF4DB0047CAED /* GDorisAnimatedButton.h */ = {isa = PBXFileReference; fileEncoding = 4; lastKnownFileType = sourcecode.c.h; path = GDorisAnimatedButton.h; sourceTree = "<group>"; };
		2BA1A7D3231FF4DB0047CAED /* GDorisGifPhotoPickerCell.m */ = {isa = PBXFileReference; fileEncoding = 4; lastKnownFileType = sourcecode.c.objc; path = GDorisGifPhotoPickerCell.m; sourceTree = "<group>"; };
		2BA1A7D4231FF4DB0047CAED /* GDorisPhotoPickerBaseCell.h */ = {isa = PBXFileReference; fileEncoding = 4; lastKnownFileType = sourcecode.c.h; path = GDorisPhotoPickerBaseCell.h; sourceTree = "<group>"; };
		2BA1A7D5231FF4DB0047CAED /* GDorisPhotoAlbumCell.m */ = {isa = PBXFileReference; fileEncoding = 4; lastKnownFileType = sourcecode.c.objc; path = GDorisPhotoAlbumCell.m; sourceTree = "<group>"; };
		2BA1A7D7231FF4DB0047CAED /* GDorisPickerHandler.m */ = {isa = PBXFileReference; fileEncoding = 4; lastKnownFileType = sourcecode.c.objc; path = GDorisPickerHandler.m; sourceTree = "<group>"; };
		2BA1A7D8231FF4DB0047CAED /* UICollectionViewCell+GDorisWorker.m */ = {isa = PBXFileReference; fileEncoding = 4; lastKnownFileType = sourcecode.c.objc; path = "UICollectionViewCell+GDorisWorker.m"; sourceTree = "<group>"; };
		2BA1A7D9231FF4DB0047CAED /* GDorisPhotoPickerConfiguration.h */ = {isa = PBXFileReference; fileEncoding = 4; lastKnownFileType = sourcecode.c.h; path = GDorisPhotoPickerConfiguration.h; sourceTree = "<group>"; };
		2BA1A7DA231FF4DB0047CAED /* GDorisRunLoopWorker.m */ = {isa = PBXFileReference; fileEncoding = 4; lastKnownFileType = sourcecode.c.objc; path = GDorisRunLoopWorker.m; sourceTree = "<group>"; };
		2BA1A7DB231FF4DB0047CAED /* GDorisPhotoHelper.h */ = {isa = PBXFileReference; fileEncoding = 4; lastKnownFileType = sourcecode.c.h; path = GDorisPhotoHelper.h; sourceTree = "<group>"; };
		2BA1A7DC231FF4DB0047CAED /* GDorisPhotoActionHandler.m */ = {isa = PBXFileReference; fileEncoding = 4; lastKnownFileType = sourcecode.c.objc; path = GDorisPhotoActionHandler.m; sourceTree = "<group>"; };
		2BA1A7DD231FF4DB0047CAED /* UICollectionViewCell+GDorisWorker.h */ = {isa = PBXFileReference; fileEncoding = 4; lastKnownFileType = sourcecode.c.h; path = "UICollectionViewCell+GDorisWorker.h"; sourceTree = "<group>"; };
		2BA1A7DE231FF4DB0047CAED /* GDorisPhotoPicker.bundle */ = {isa = PBXFileReference; lastKnownFileType = "wrapper.plug-in"; path = GDorisPhotoPicker.bundle; sourceTree = "<group>"; };
		2BA1A7DF231FF4DB0047CAED /* GDorisPickerHandler.h */ = {isa = PBXFileReference; fileEncoding = 4; lastKnownFileType = sourcecode.c.h; path = GDorisPickerHandler.h; sourceTree = "<group>"; };
		2BA1A7E0231FF4DB0047CAED /* GDorisPhotoActionHandler.h */ = {isa = PBXFileReference; fileEncoding = 4; lastKnownFileType = sourcecode.c.h; path = GDorisPhotoActionHandler.h; sourceTree = "<group>"; };
		2BA1A7E1231FF4DB0047CAED /* GDorisPhotoPickerConfiguration.m */ = {isa = PBXFileReference; fileEncoding = 4; lastKnownFileType = sourcecode.c.objc; path = GDorisPhotoPickerConfiguration.m; sourceTree = "<group>"; };
		2BA1A7E2231FF4DB0047CAED /* GDorisRunLoopWorker.h */ = {isa = PBXFileReference; fileEncoding = 4; lastKnownFileType = sourcecode.c.h; path = GDorisRunLoopWorker.h; sourceTree = "<group>"; };
		2BA1A7E3231FF4DB0047CAED /* GDorisPhotoHelper.m */ = {isa = PBXFileReference; fileEncoding = 4; lastKnownFileType = sourcecode.c.objc; path = GDorisPhotoHelper.m; sourceTree = "<group>"; };
		2BA1A7E5231FF4DB0047CAED /* XCAssetsManager.h */ = {isa = PBXFileReference; fileEncoding = 4; lastKnownFileType = sourcecode.c.h; path = XCAssetsManager.h; sourceTree = "<group>"; };
		2BA1A7E6231FF4DB0047CAED /* XCAsset.h */ = {isa = PBXFileReference; fileEncoding = 4; lastKnownFileType = sourcecode.c.h; path = XCAsset.h; sourceTree = "<group>"; };
		2BA1A7E7231FF4DB0047CAED /* XCAssetsGroup.h */ = {isa = PBXFileReference; fileEncoding = 4; lastKnownFileType = sourcecode.c.h; path = XCAssetsGroup.h; sourceTree = "<group>"; };
		2BA1A7E8231FF4DB0047CAED /* XCAssetsManager.m */ = {isa = PBXFileReference; fileEncoding = 4; lastKnownFileType = sourcecode.c.objc; path = XCAssetsManager.m; sourceTree = "<group>"; };
		2BA1A7E9231FF4DB0047CAED /* XCAsset.m */ = {isa = PBXFileReference; fileEncoding = 4; lastKnownFileType = sourcecode.c.objc; path = XCAsset.m; sourceTree = "<group>"; };
		2BA1A7EA231FF4DB0047CAED /* XCAssetsGroup.m */ = {isa = PBXFileReference; fileEncoding = 4; lastKnownFileType = sourcecode.c.objc; path = XCAssetsGroup.m; sourceTree = "<group>"; };
		2BA1A7ED231FF4DB0047CAED /* GDorisMark.h */ = {isa = PBXFileReference; fileEncoding = 4; lastKnownFileType = sourcecode.c.h; path = GDorisMark.h; sourceTree = "<group>"; };
		2BA1A7EE231FF4DB0047CAED /* GDorisCanvasView.h */ = {isa = PBXFileReference; fileEncoding = 4; lastKnownFileType = sourcecode.c.h; path = GDorisCanvasView.h; sourceTree = "<group>"; };
		2BA1A7EF231FF4DB0047CAED /* GDorisVertex.m */ = {isa = PBXFileReference; fileEncoding = 4; lastKnownFileType = sourcecode.c.objc; path = GDorisVertex.m; sourceTree = "<group>"; };
		2BA1A7F0231FF4DB0047CAED /* GDorisCanvasLayerView.m */ = {isa = PBXFileReference; fileEncoding = 4; lastKnownFileType = sourcecode.c.objc; path = GDorisCanvasLayerView.m; sourceTree = "<group>"; };
		2BA1A7F1231FF4DB0047CAED /* UIImage+GDorisDraw.h */ = {isa = PBXFileReference; fileEncoding = 4; lastKnownFileType = sourcecode.c.h; path = "UIImage+GDorisDraw.h"; sourceTree = "<group>"; };
		2BA1A7F2231FF4DB0047CAED /* GDorisLine.m */ = {isa = PBXFileReference; fileEncoding = 4; lastKnownFileType = sourcecode.c.objc; path = GDorisLine.m; sourceTree = "<group>"; };
		2BA1A7F3231FF4DB0047CAED /* GDorisCanvasLayerView.h */ = {isa = PBXFileReference; fileEncoding = 4; lastKnownFileType = sourcecode.c.h; path = GDorisCanvasLayerView.h; sourceTree = "<group>"; };
		2BA1A7F4231FF4DB0047CAED /* GDorisVertex.h */ = {isa = PBXFileReference; fileEncoding = 4; lastKnownFileType = sourcecode.c.h; path = GDorisVertex.h; sourceTree = "<group>"; };
		2BA1A7F5231FF4DB0047CAED /* GDorisCanvasView.m */ = {isa = PBXFileReference; fileEncoding = 4; lastKnownFileType = sourcecode.c.objc; path = GDorisCanvasView.m; sourceTree = "<group>"; };
		2BA1A7F6231FF4DB0047CAED /* UIImage+GDorisDraw.m */ = {isa = PBXFileReference; fileEncoding = 4; lastKnownFileType = sourcecode.c.objc; path = "UIImage+GDorisDraw.m"; sourceTree = "<group>"; };
		2BA1A7F7231FF4DB0047CAED /* GDorisLine.h */ = {isa = PBXFileReference; fileEncoding = 4; lastKnownFileType = sourcecode.c.h; path = GDorisLine.h; sourceTree = "<group>"; };
		2BA1A7F9231FF4DB0047CAED /* GDorisPhotoTextView.m */ = {isa = PBXFileReference; fileEncoding = 4; lastKnownFileType = sourcecode.c.objc; path = GDorisPhotoTextView.m; sourceTree = "<group>"; };
		2BA1A7FA231FF4DB0047CAED /* GDorisPhotoInputView.m */ = {isa = PBXFileReference; fileEncoding = 4; lastKnownFileType = sourcecode.c.objc; path = GDorisPhotoInputView.m; sourceTree = "<group>"; };
		2BA1A7FB231FF4DB0047CAED /* GDorisInputViewController.m */ = {isa = PBXFileReference; fileEncoding = 4; lastKnownFileType = sourcecode.c.objc; path = GDorisInputViewController.m; sourceTree = "<group>"; };
		2BA1A7FC231FF4DB0047CAED /* GDorisInputViewController.h */ = {isa = PBXFileReference; fileEncoding = 4; lastKnownFileType = sourcecode.c.h; path = GDorisInputViewController.h; sourceTree = "<group>"; };
		2BA1A7FD231FF4DB0047CAED /* GDorisPhotoInputView.h */ = {isa = PBXFileReference; fileEncoding = 4; lastKnownFileType = sourcecode.c.h; path = GDorisPhotoInputView.h; sourceTree = "<group>"; };
		2BA1A7FE231FF4DB0047CAED /* GDorisPhotoTextView.h */ = {isa = PBXFileReference; fileEncoding = 4; lastKnownFileType = sourcecode.c.h; path = GDorisPhotoTextView.h; sourceTree = "<group>"; };
		2BA1A800231FF4DB0047CAED /* GDorisDragDropView.h */ = {isa = PBXFileReference; fileEncoding = 4; lastKnownFileType = sourcecode.c.h; path = GDorisDragDropView.h; sourceTree = "<group>"; };
		2BA1A801231FF4DB0047CAED /* GDorisDragDropView.m */ = {isa = PBXFileReference; fileEncoding = 4; lastKnownFileType = sourcecode.c.objc; path = GDorisDragDropView.m; sourceTree = "<group>"; };
		2BA1A803231FF4DB0047CAED /* UIImage+GDorisCropRotate.h */ = {isa = PBXFileReference; fileEncoding = 4; lastKnownFileType = sourcecode.c.h; path = "UIImage+GDorisCropRotate.h"; sourceTree = "<group>"; };
		2BA1A804231FF4DB0047CAED /* GDorisCropView.m */ = {isa = PBXFileReference; fileEncoding = 4; lastKnownFileType = sourcecode.c.objc; path = GDorisCropView.m; sourceTree = "<group>"; };
		2BA1A805231FF4DB0047CAED /* GDorisCropOverlayView.h */ = {isa = PBXFileReference; fileEncoding = 4; lastKnownFileType = sourcecode.c.h; path = GDorisCropOverlayView.h; sourceTree = "<group>"; };
		2BA1A806231FF4DB0047CAED /* GDorisCropScrollView.h */ = {isa = PBXFileReference; fileEncoding = 4; lastKnownFileType = sourcecode.c.h; path = GDorisCropScrollView.h; sourceTree = "<group>"; };
		2BA1A807231FF4DB0047CAED /* UIImage+GDorisCropRotate.m */ = {isa = PBXFileReference; fileEncoding = 4; lastKnownFileType = sourcecode.c.objc; path = "UIImage+GDorisCropRotate.m"; sourceTree = "<group>"; };
		2BA1A808231FF4DB0047CAED /* GDorisCropView.h */ = {isa = PBXFileReference; fileEncoding = 4; lastKnownFileType = sourcecode.c.h; path = GDorisCropView.h; sourceTree = "<group>"; };
		2BA1A809231FF4DB0047CAED /* GDorisCropScrollView.m */ = {isa = PBXFileReference; fileEncoding = 4; lastKnownFileType = sourcecode.c.objc; path = GDorisCropScrollView.m; sourceTree = "<group>"; };
		2BA1A80A231FF4DB0047CAED /* GDorisCropOverlayView.m */ = {isa = PBXFileReference; fileEncoding = 4; lastKnownFileType = sourcecode.c.objc; path = GDorisCropOverlayView.m; sourceTree = "<group>"; };
		2BA1A80D231FF4DB0047CAED /* GDorisBasePhotoBrowserController.h */ = {isa = PBXFileReference; fileEncoding = 4; lastKnownFileType = sourcecode.c.h; path = GDorisBasePhotoBrowserController.h; sourceTree = "<group>"; };
		2BA1A80E231FF4DB0047CAED /* GDorisPhotoBrowserDelegate.h */ = {isa = PBXFileReference; fileEncoding = 4; lastKnownFileType = sourcecode.c.h; path = GDorisPhotoBrowserDelegate.h; sourceTree = "<group>"; };
		2BA1A80F231FF4DB0047CAED /* GDorisBasePhotoBrowserController.m */ = {isa = PBXFileReference; fileEncoding = 4; lastKnownFileType = sourcecode.c.objc; path = GDorisBasePhotoBrowserController.m; sourceTree = "<group>"; };
		2BA1A810231FF4DB0047CAED /* GDorisPhotoBrowserControllerInternal.h */ = {isa = PBXFileReference; fileEncoding = 4; lastKnownFileType = sourcecode.c.h; path = GDorisPhotoBrowserControllerInternal.h; sourceTree = "<group>"; };
		2BA1A812231FF4DB0047CAED /* GDorisPhotoBrowserVideoCell.h */ = {isa = PBXFileReference; fileEncoding = 4; lastKnownFileType = sourcecode.c.h; path = GDorisPhotoBrowserVideoCell.h; sourceTree = "<group>"; };
		2BA1A813231FF4DB0047CAED /* GDorisTiledLayerView.m */ = {isa = PBXFileReference; fileEncoding = 4; lastKnownFileType = sourcecode.c.objc; path = GDorisTiledLayerView.m; sourceTree = "<group>"; };
		2BA1A814231FF4DB0047CAED /* GDorisLargeImageView.h */ = {isa = PBXFileReference; fileEncoding = 4; lastKnownFileType = sourcecode.c.h; path = GDorisLargeImageView.h; sourceTree = "<group>"; };
		2BA1A815231FF4DB0047CAED /* GDorisPhotoBrowserAnimationCell.h */ = {isa = PBXFileReference; fileEncoding = 4; lastKnownFileType = sourcecode.c.h; path = GDorisPhotoBrowserAnimationCell.h; sourceTree = "<group>"; };
		2BA1A816231FF4DB0047CAED /* GDorisPhotoBrowserContentCell.m */ = {isa = PBXFileReference; fileEncoding = 4; lastKnownFileType = sourcecode.c.objc; path = GDorisPhotoBrowserContentCell.m; sourceTree = "<group>"; };
		2BA1A817231FF4DB0047CAED /* GDorisPhotoBrowserVideoCell.m */ = {isa = PBXFileReference; fileEncoding = 4; lastKnownFileType = sourcecode.c.objc; path = GDorisPhotoBrowserVideoCell.m; sourceTree = "<group>"; };
		2BA1A818231FF4DB0047CAED /* GDorisTiledLayerView.h */ = {isa = PBXFileReference; fileEncoding = 4; lastKnownFileType = sourcecode.c.h; path = GDorisTiledLayerView.h; sourceTree = "<group>"; };
		2BA1A819231FF4DB0047CAED /* GDorisPhotoBrowserAnimationCell.m */ = {isa = PBXFileReference; fileEncoding = 4; lastKnownFileType = sourcecode.c.objc; path = GDorisPhotoBrowserAnimationCell.m; sourceTree = "<group>"; };
		2BA1A81A231FF4DB0047CAED /* GDorisPhotoBrowserContentCell.h */ = {isa = PBXFileReference; fileEncoding = 4; lastKnownFileType = sourcecode.c.h; path = GDorisPhotoBrowserContentCell.h; sourceTree = "<group>"; };
		2BA1A81B231FF4DB0047CAED /* GDorisLargeImageView.m */ = {isa = PBXFileReference; fileEncoding = 4; lastKnownFileType = sourcecode.c.objc; path = GDorisLargeImageView.m; sourceTree = "<group>"; };
		2BA1A81D231FF4DB0047CAED /* IGDorisPhotoItem.h */ = {isa = PBXFileReference; fileEncoding = 4; lastKnownFileType = sourcecode.c.h; path = IGDorisPhotoItem.h; sourceTree = "<group>"; };
		2BA1A84D231FF7AF0047CAED /* UINavigationController+XCCStatusBar.m */ = {isa = PBXFileReference; fileEncoding = 4; lastKnownFileType = sourcecode.c.objc; path = "UINavigationController+XCCStatusBar.m"; sourceTree = "<group>"; };
		2BA1A84E231FF7AF0047CAED /* UINavigationController+XCCStatusBar.h */ = {isa = PBXFileReference; fileEncoding = 4; lastKnownFileType = sourcecode.c.h; path = "UINavigationController+XCCStatusBar.h"; sourceTree = "<group>"; };
		2BA1A850231FF9270047CAED /* GDorisBasePhotoPickerBrowserController.h */ = {isa = PBXFileReference; lastKnownFileType = sourcecode.c.h; path = GDorisBasePhotoPickerBrowserController.h; sourceTree = "<group>"; };
		2BA1A851231FF9270047CAED /* GDorisBasePhotoPickerBrowserController.m */ = {isa = PBXFileReference; lastKnownFileType = sourcecode.c.objc; path = GDorisBasePhotoPickerBrowserController.m; sourceTree = "<group>"; };
		2BA1A853232002910047CAED /* GDorisPhotoPickerBrowserCell.h */ = {isa = PBXFileReference; lastKnownFileType = sourcecode.c.h; path = GDorisPhotoPickerBrowserCell.h; sourceTree = "<group>"; };
		2BA1A854232002910047CAED /* GDorisPhotoPickerBrowserCell.m */ = {isa = PBXFileReference; lastKnownFileType = sourcecode.c.objc; path = GDorisPhotoPickerBrowserCell.m; sourceTree = "<group>"; };
		2BA1A856232007410047CAED /* GDorisPhotoItem.h */ = {isa = PBXFileReference; lastKnownFileType = sourcecode.c.h; path = GDorisPhotoItem.h; sourceTree = "<group>"; };
		2BA1A857232007410047CAED /* GDorisPhotoItem.m */ = {isa = PBXFileReference; lastKnownFileType = sourcecode.c.objc; path = GDorisPhotoItem.m; sourceTree = "<group>"; };
		2BA1A85D23200CD40047CAED /* GDorisPhotoBrowserController.h */ = {isa = PBXFileReference; lastKnownFileType = sourcecode.c.h; path = GDorisPhotoBrowserController.h; sourceTree = "<group>"; };
		2BA1A85E23200CD40047CAED /* GDorisPhotoBrowserController.m */ = {isa = PBXFileReference; lastKnownFileType = sourcecode.c.objc; path = GDorisPhotoBrowserController.m; sourceTree = "<group>"; };
		2BA1A86023200CF50047CAED /* GDorisPhotoPickerBrowserController.h */ = {isa = PBXFileReference; lastKnownFileType = sourcecode.c.h; path = GDorisPhotoPickerBrowserController.h; sourceTree = "<group>"; };
		2BA1A86123200CF50047CAED /* GDorisPhotoPickerBrowserController.m */ = {isa = PBXFileReference; lastKnownFileType = sourcecode.c.objc; path = GDorisPhotoPickerBrowserController.m; sourceTree = "<group>"; };
		2BA1A86323200D140047CAED /* GDorisPhotoPickerController.h */ = {isa = PBXFileReference; lastKnownFileType = sourcecode.c.h; path = GDorisPhotoPickerController.h; sourceTree = "<group>"; };
		2BA1A86423200D140047CAED /* GDorisPhotoPickerController.m */ = {isa = PBXFileReference; lastKnownFileType = sourcecode.c.objc; path = GDorisPhotoPickerController.m; sourceTree = "<group>"; };
		2BBF095521B80D02006132E6 /* GDorisPhotoKitExample.app */ = {isa = PBXFileReference; explicitFileType = wrapper.application; includeInIndex = 0; path = GDorisPhotoKitExample.app; sourceTree = BUILT_PRODUCTS_DIR; };
		2BBF095821B80D02006132E6 /* AppDelegate.h */ = {isa = PBXFileReference; lastKnownFileType = sourcecode.c.h; path = AppDelegate.h; sourceTree = "<group>"; };
		2BBF095921B80D02006132E6 /* AppDelegate.m */ = {isa = PBXFileReference; lastKnownFileType = sourcecode.c.objc; path = AppDelegate.m; sourceTree = "<group>"; };
		2BBF095F21B80D02006132E6 /* Base */ = {isa = PBXFileReference; lastKnownFileType = file.storyboard; name = Base; path = Base.lproj/Main.storyboard; sourceTree = "<group>"; };
		2BBF096121B80D04006132E6 /* Assets.xcassets */ = {isa = PBXFileReference; lastKnownFileType = folder.assetcatalog; path = Assets.xcassets; sourceTree = "<group>"; };
		2BBF096421B80D04006132E6 /* Base */ = {isa = PBXFileReference; lastKnownFileType = file.storyboard; name = Base; path = Base.lproj/LaunchScreen.storyboard; sourceTree = "<group>"; };
		2BBF096621B80D04006132E6 /* Info.plist */ = {isa = PBXFileReference; lastKnownFileType = text.plist.xml; path = Info.plist; sourceTree = "<group>"; };
		2BBF096721B80D04006132E6 /* main.m */ = {isa = PBXFileReference; lastKnownFileType = sourcecode.c.objc; path = main.m; sourceTree = "<group>"; };
		2BBF096D21B80D04006132E6 /* GDorisPhotoKitExampleTests.xctest */ = {isa = PBXFileReference; explicitFileType = wrapper.cfbundle; includeInIndex = 0; path = GDorisPhotoKitExampleTests.xctest; sourceTree = BUILT_PRODUCTS_DIR; };
		2BBF097121B80D04006132E6 /* GDorisPhotoKitExampleTests.m */ = {isa = PBXFileReference; lastKnownFileType = sourcecode.c.objc; path = GDorisPhotoKitExampleTests.m; sourceTree = "<group>"; };
		2BBF097321B80D04006132E6 /* Info.plist */ = {isa = PBXFileReference; lastKnownFileType = text.plist.xml; path = Info.plist; sourceTree = "<group>"; };
		2BBF097821B80D04006132E6 /* GDorisPhotoKitExampleUITests.xctest */ = {isa = PBXFileReference; explicitFileType = wrapper.cfbundle; includeInIndex = 0; path = GDorisPhotoKitExampleUITests.xctest; sourceTree = BUILT_PRODUCTS_DIR; };
		2BBF097C21B80D04006132E6 /* GDorisPhotoKitExampleUITests.m */ = {isa = PBXFileReference; lastKnownFileType = sourcecode.c.objc; path = GDorisPhotoKitExampleUITests.m; sourceTree = "<group>"; };
		2BBF097E21B80D04006132E6 /* Info.plist */ = {isa = PBXFileReference; lastKnownFileType = text.plist.xml; path = Info.plist; sourceTree = "<group>"; };
		2D7DD12A61514F5B578C9952 /* libPods-GDorisPhotoKitExampleUITests.a */ = {isa = PBXFileReference; explicitFileType = archive.ar; includeInIndex = 0; path = "libPods-GDorisPhotoKitExampleUITests.a"; sourceTree = BUILT_PRODUCTS_DIR; };
		3AE2CEE6CA1E1F98B89D1B3A /* libPods-GDorisPhotoKitExampleTests.a */ = {isa = PBXFileReference; explicitFileType = archive.ar; includeInIndex = 0; path = "libPods-GDorisPhotoKitExampleTests.a"; sourceTree = BUILT_PRODUCTS_DIR; };
		4A6215278A617919C3B9E7A6 /* Pods-GDorisPhotoKitExample.release.xcconfig */ = {isa = PBXFileReference; includeInIndex = 1; lastKnownFileType = text.xcconfig; name = "Pods-GDorisPhotoKitExample.release.xcconfig"; path = "Pods/Target Support Files/Pods-GDorisPhotoKitExample/Pods-GDorisPhotoKitExample.release.xcconfig"; sourceTree = "<group>"; };
		67FAD9000F7B11B35F74EEBA /* Pods-GDorisPhotoKitExampleTests.debug.xcconfig */ = {isa = PBXFileReference; includeInIndex = 1; lastKnownFileType = text.xcconfig; name = "Pods-GDorisPhotoKitExampleTests.debug.xcconfig"; path = "Pods/Target Support Files/Pods-GDorisPhotoKitExampleTests/Pods-GDorisPhotoKitExampleTests.debug.xcconfig"; sourceTree = "<group>"; };
		9C561D5DAE098DB1D56F556C /* Pods-GDorisPhotoKitExampleUITests.release.xcconfig */ = {isa = PBXFileReference; includeInIndex = 1; lastKnownFileType = text.xcconfig; name = "Pods-GDorisPhotoKitExampleUITests.release.xcconfig"; path = "Pods/Target Support Files/Pods-GDorisPhotoKitExampleUITests/Pods-GDorisPhotoKitExampleUITests.release.xcconfig"; sourceTree = "<group>"; };
		ACE071AFE2EA5A35E0AE12D2 /* Pods-GDorisPhotoKitExampleUITests.debug.xcconfig */ = {isa = PBXFileReference; includeInIndex = 1; lastKnownFileType = text.xcconfig; name = "Pods-GDorisPhotoKitExampleUITests.debug.xcconfig"; path = "Pods/Target Support Files/Pods-GDorisPhotoKitExampleUITests/Pods-GDorisPhotoKitExampleUITests.debug.xcconfig"; sourceTree = "<group>"; };
		D61772628B95261A1EF95F8D /* Pods-GDorisPhotoKitExampleTests.release.xcconfig */ = {isa = PBXFileReference; includeInIndex = 1; lastKnownFileType = text.xcconfig; name = "Pods-GDorisPhotoKitExampleTests.release.xcconfig"; path = "Pods/Target Support Files/Pods-GDorisPhotoKitExampleTests/Pods-GDorisPhotoKitExampleTests.release.xcconfig"; sourceTree = "<group>"; };
		E00FEED5CA7351281491C71D /* Pods-GDorisPhotoKitExample.debug.xcconfig */ = {isa = PBXFileReference; includeInIndex = 1; lastKnownFileType = text.xcconfig; name = "Pods-GDorisPhotoKitExample.debug.xcconfig"; path = "Pods/Target Support Files/Pods-GDorisPhotoKitExample/Pods-GDorisPhotoKitExample.debug.xcconfig"; sourceTree = "<group>"; };
		FA56D59D491AFDFDC83295A4 /* libPods-GDorisPhotoKitExample.a */ = {isa = PBXFileReference; explicitFileType = archive.ar; includeInIndex = 0; path = "libPods-GDorisPhotoKitExample.a"; sourceTree = BUILT_PRODUCTS_DIR; };
/* End PBXFileReference section */

/* Begin PBXFrameworksBuildPhase section */
		2BBF095221B80D02006132E6 /* Frameworks */ = {
			isa = PBXFrameworksBuildPhase;
			buildActionMask = 2147483647;
			files = (
				EA913644A0F9E2EBE4FAC7AE /* libPods-GDorisPhotoKitExample.a in Frameworks */,
			);
			runOnlyForDeploymentPostprocessing = 0;
		};
		2BBF096A21B80D04006132E6 /* Frameworks */ = {
			isa = PBXFrameworksBuildPhase;
			buildActionMask = 2147483647;
			files = (
				91EBAB3F0367EDD63A76D5A6 /* libPods-GDorisPhotoKitExampleTests.a in Frameworks */,
			);
			runOnlyForDeploymentPostprocessing = 0;
		};
		2BBF097521B80D04006132E6 /* Frameworks */ = {
			isa = PBXFrameworksBuildPhase;
			buildActionMask = 2147483647;
			files = (
				D6E4FC791A54F7B1D03A4DC0 /* libPods-GDorisPhotoKitExampleUITests.a in Frameworks */,
			);
			runOnlyForDeploymentPostprocessing = 0;
		};
/* End PBXFrameworksBuildPhase section */

/* Begin PBXGroup section */
		0198A985A489F24A7485CC93 /* Frameworks */ = {
			isa = PBXGroup;
			children = (
				FA56D59D491AFDFDC83295A4 /* libPods-GDorisPhotoKitExample.a */,
				3AE2CEE6CA1E1F98B89D1B3A /* libPods-GDorisPhotoKitExampleTests.a */,
				2D7DD12A61514F5B578C9952 /* libPods-GDorisPhotoKitExampleUITests.a */,
			);
			name = Frameworks;
			sourceTree = "<group>";
		};
		2BA1A775231FF4BD0047CAED /* GDorisPhotoPicker */ = {
			isa = PBXGroup;
			children = (
				2BA1A85A23200C340047CAED /* DorisPhotoPickerBrowser */,
				2BA1A85923200C200047CAED /* DorisPhotoPicker */,
			);
			path = GDorisPhotoPicker;
			sourceTree = "<group>";
		};
		2BA1A777231FF4BD0047CAED /* GDorisWXPhotoPicker */ = {
			isa = PBXGroup;
			children = (
				2BA1A84C231FF6940047CAED /* WXPhotoEidt */,
				2BA1A84B231FF65F0047CAED /* WXPhotoPickerBrowser */,
				2BA1A84A231FF64B0047CAED /* WXPhotoPicker */,
				2BA1A789231FF4BD0047CAED /* GNavigationBar */,
				2BA1A799231FF4BD0047CAED /* Utility */,
			);
			path = GDorisWXPhotoPicker;
			sourceTree = "<group>";
		};
		2BA1A789231FF4BD0047CAED /* GNavigationBar */ = {
			isa = PBXGroup;
			children = (
				2BA1A78A231FF4BD0047CAED /* GNavigationButton.m */,
				2BA1A78B231FF4BD0047CAED /* GNavItemFactory.h */,
				2BA1A78C231FF4BD0047CAED /* GNavigationItem.h */,
				2BA1A78D231FF4BD0047CAED /* GNavigationMacro.h */,
				2BA1A78E231FF4BD0047CAED /* GNavigationBar.m */,
				2BA1A78F231FF4BD0047CAED /* GNavigationButton.h */,
				2BA1A790231FF4BD0047CAED /* GNavItemFactory.m */,
				2BA1A791231FF4BD0047CAED /* GNavigationItem.m */,
				2BA1A792231FF4BD0047CAED /* GNavigationBar.h */,
			);
			path = GNavigationBar;
			sourceTree = "<group>";
		};
		2BA1A799231FF4BD0047CAED /* Utility */ = {
			isa = PBXGroup;
			children = (
				2BA1A79B231FF4BD0047CAED /* UIButton+GDoris.h */,
				2BA1A79C231FF4BD0047CAED /* UIButton+GDoris.m */,
				2BA1A79A231FF4BD0047CAED /* UIView+GDoris.h */,
				2BA1A79D231FF4BD0047CAED /* UIView+GDoris.m */,
				2B4B144E2320F9A20017ADB1 /* GDorisIMGButton.h */,
				2B4B144F2320F9A20017ADB1 /* GDorisIMGButton.m */,
				2B4B14512320F9B70017ADB1 /* GAdjustButton.h */,
				2B4B14522320F9B70017ADB1 /* GAdjustButton.m */,
			);
			path = Utility;
			sourceTree = "<group>";
		};
		2BA1A7B2231FF4DB0047CAED /* PhotoKitCore */ = {
			isa = PBXGroup;
			children = (
				2BA1A7B3231FF4DB0047CAED /* Transition */,
				2BA1A7BA231FF4DB0047CAED /* PhotoPicker */,
				2BA1A7E4231FF4DB0047CAED /* AssetLibrary */,
				2BA1A7EB231FF4DB0047CAED /* PhotoEdit */,
				2BA1A80B231FF4DB0047CAED /* PhotoBrowser */,
			);
			path = PhotoKitCore;
			sourceTree = "<group>";
		};
		2BA1A7B3231FF4DB0047CAED /* Transition */ = {
			isa = PBXGroup;
			children = (
				2BA1A7B6231FF4DB0047CAED /* GDorisPhotoZoomAnimatedTransition.h */,
				2BA1A7B9231FF4DB0047CAED /* GDorisPhotoZoomAnimatedTransition.m */,
				2BA1A7B7231FF4DB0047CAED /* GDorisScrollerPanGesutreRecognizer.h */,
				2BA1A7B4231FF4DB0047CAED /* GDorisScrollerPanGesutreRecognizer.m */,
				2BA1A7B8231FF4DB0047CAED /* GScrollerGestureTransition.h */,
				2BA1A7B5231FF4DB0047CAED /* GScrollerGestureTransition.m */,
			);
			path = Transition;
			sourceTree = "<group>";
		};
		2BA1A7BA231FF4DB0047CAED /* PhotoPicker */ = {
			isa = PBXGroup;
			children = (
				2BA1A7BB231FF4DB0047CAED /* Models */,
				2BA1A7BE231FF4DB0047CAED /* Controllers */,
				2BA1A7C4231FF4DB0047CAED /* Views */,
				2BA1A7D6231FF4DB0047CAED /* Helper */,
			);
			path = PhotoPicker;
			sourceTree = "<group>";
		};
		2BA1A7BB231FF4DB0047CAED /* Models */ = {
			isa = PBXGroup;
			children = (
				2BA1A7BC231FF4DB0047CAED /* GDorisAssetItem.h */,
				2BA1A7BD231FF4DB0047CAED /* GDorisAssetItem.m */,
			);
			path = Models;
			sourceTree = "<group>";
		};
		2BA1A7BE231FF4DB0047CAED /* Controllers */ = {
			isa = PBXGroup;
			children = (
				2BA1A7C2231FF4DB0047CAED /* GDoris3DTouchPreviewController.h */,
				2BA1A7BF231FF4DB0047CAED /* GDoris3DTouchPreviewController.m */,
				2BA1A7C1231FF4DB0047CAED /* GDorisBasePhotoPickerController.h */,
				2BA1A7C3231FF4DB0047CAED /* GDorisBasePhotoPickerController.m */,
				2BA1A7C0231FF4DB0047CAED /* GDorisPhotoPickerControllerInternal.h */,
				2BA1A850231FF9270047CAED /* GDorisBasePhotoPickerBrowserController.h */,
				2BA1A851231FF9270047CAED /* GDorisBasePhotoPickerBrowserController.m */,
			);
			path = Controllers;
			sourceTree = "<group>";
		};
		2BA1A7C4231FF4DB0047CAED /* Views */ = {
			isa = PBXGroup;
			children = (
				2BA1A7D2231FF4DB0047CAED /* GDorisAnimatedButton.h */,
				2BA1A7CA231FF4DB0047CAED /* GDorisAnimatedButton.m */,
				2BA1A7C9231FF4DB0047CAED /* GDorisGifPhotoPickerCell.h */,
				2BA1A7D3231FF4DB0047CAED /* GDorisGifPhotoPickerCell.m */,
				2BA1A7CB231FF4DB0047CAED /* GDorisLivePhotoPickerCell.h */,
				2BA1A7D1231FF4DB0047CAED /* GDorisLivePhotoPickerCell.m */,
				2BA1A7CC231FF4DB0047CAED /* GDorisPhotoAlbumCell.h */,
				2BA1A7D5231FF4DB0047CAED /* GDorisPhotoAlbumCell.m */,
				2BA1A7C6231FF4DB0047CAED /* GDorisPhotoAlbumTableView.h */,
				2BA1A7CE231FF4DB0047CAED /* GDorisPhotoAlbumTableView.m */,
				2BA1A7D4231FF4DB0047CAED /* GDorisPhotoPickerBaseCell.h */,
				2BA1A7CD231FF4DB0047CAED /* GDorisPhotoPickerBaseCell.m */,
				2BA1A7D0231FF4DB0047CAED /* GDorisPhotoPickerCameraCell.h */,
				2BA1A7C8231FF4DB0047CAED /* GDorisPhotoPickerCameraCell.m */,
				2BA1A7C7231FF4DB0047CAED /* GDorisPhotoPickerCellProtocol.h */,
				2BA1A7C5231FF4DB0047CAED /* GDorisProgressView.h */,
				2BA1A7CF231FF4DB0047CAED /* GDorisProgressView.m */,
				2BA1A853232002910047CAED /* GDorisPhotoPickerBrowserCell.h */,
				2BA1A854232002910047CAED /* GDorisPhotoPickerBrowserCell.m */,
			);
			path = Views;
			sourceTree = "<group>";
		};
		2BA1A7D6231FF4DB0047CAED /* Helper */ = {
			isa = PBXGroup;
			children = (
				2BA1A7E0231FF4DB0047CAED /* GDorisPhotoActionHandler.h */,
				2BA1A7DC231FF4DB0047CAED /* GDorisPhotoActionHandler.m */,
				2BA1A7DB231FF4DB0047CAED /* GDorisPhotoHelper.h */,
				2BA1A7E3231FF4DB0047CAED /* GDorisPhotoHelper.m */,
				2BA1A7DE231FF4DB0047CAED /* GDorisPhotoPicker.bundle */,
				2BA1A7D9231FF4DB0047CAED /* GDorisPhotoPickerConfiguration.h */,
				2BA1A7E1231FF4DB0047CAED /* GDorisPhotoPickerConfiguration.m */,
				2BA1A7DF231FF4DB0047CAED /* GDorisPickerHandler.h */,
				2BA1A7D7231FF4DB0047CAED /* GDorisPickerHandler.m */,
				2BA1A7E2231FF4DB0047CAED /* GDorisRunLoopWorker.h */,
				2BA1A7DA231FF4DB0047CAED /* GDorisRunLoopWorker.m */,
				2BA1A7DD231FF4DB0047CAED /* UICollectionViewCell+GDorisWorker.h */,
				2BA1A7D8231FF4DB0047CAED /* UICollectionViewCell+GDorisWorker.m */,
			);
			path = Helper;
			sourceTree = "<group>";
		};
		2BA1A7E4231FF4DB0047CAED /* AssetLibrary */ = {
			isa = PBXGroup;
			children = (
				2BA1A7E6231FF4DB0047CAED /* XCAsset.h */,
				2BA1A7E9231FF4DB0047CAED /* XCAsset.m */,
				2BA1A7E7231FF4DB0047CAED /* XCAssetsGroup.h */,
				2BA1A7EA231FF4DB0047CAED /* XCAssetsGroup.m */,
				2BA1A7E5231FF4DB0047CAED /* XCAssetsManager.h */,
				2BA1A7E8231FF4DB0047CAED /* XCAssetsManager.m */,
			);
			path = AssetLibrary;
			sourceTree = "<group>";
		};
		2BA1A7EB231FF4DB0047CAED /* PhotoEdit */ = {
			isa = PBXGroup;
			children = (
				2BA1A7EC231FF4DB0047CAED /* PhotoDrawing */,
				2BA1A7F8231FF4DB0047CAED /* PhotoInput */,
				2BA1A7FF231FF4DB0047CAED /* PhotoEditHelper */,
				2BA1A802231FF4DB0047CAED /* PhotoCrop */,
			);
			path = PhotoEdit;
			sourceTree = "<group>";
		};
		2BA1A7EC231FF4DB0047CAED /* PhotoDrawing */ = {
			isa = PBXGroup;
			children = (
				2BA1A7F3231FF4DB0047CAED /* GDorisCanvasLayerView.h */,
				2BA1A7F0231FF4DB0047CAED /* GDorisCanvasLayerView.m */,
				2BA1A7EE231FF4DB0047CAED /* GDorisCanvasView.h */,
				2BA1A7F5231FF4DB0047CAED /* GDorisCanvasView.m */,
				2BA1A7F7231FF4DB0047CAED /* GDorisLine.h */,
				2BA1A7F2231FF4DB0047CAED /* GDorisLine.m */,
				2BA1A7ED231FF4DB0047CAED /* GDorisMark.h */,
				2BA1A7F4231FF4DB0047CAED /* GDorisVertex.h */,
				2BA1A7EF231FF4DB0047CAED /* GDorisVertex.m */,
				2BA1A7F1231FF4DB0047CAED /* UIImage+GDorisDraw.h */,
				2BA1A7F6231FF4DB0047CAED /* UIImage+GDorisDraw.m */,
			);
			path = PhotoDrawing;
			sourceTree = "<group>";
		};
		2BA1A7F8231FF4DB0047CAED /* PhotoInput */ = {
			isa = PBXGroup;
			children = (
				2BA1A7FC231FF4DB0047CAED /* GDorisInputViewController.h */,
				2BA1A7FB231FF4DB0047CAED /* GDorisInputViewController.m */,
				2BA1A7FD231FF4DB0047CAED /* GDorisPhotoInputView.h */,
				2BA1A7FA231FF4DB0047CAED /* GDorisPhotoInputView.m */,
				2BA1A7FE231FF4DB0047CAED /* GDorisPhotoTextView.h */,
				2BA1A7F9231FF4DB0047CAED /* GDorisPhotoTextView.m */,
			);
			path = PhotoInput;
			sourceTree = "<group>";
		};
		2BA1A7FF231FF4DB0047CAED /* PhotoEditHelper */ = {
			isa = PBXGroup;
			children = (
				2BA1A800231FF4DB0047CAED /* GDorisDragDropView.h */,
				2BA1A801231FF4DB0047CAED /* GDorisDragDropView.m */,
			);
			path = PhotoEditHelper;
			sourceTree = "<group>";
		};
		2BA1A802231FF4DB0047CAED /* PhotoCrop */ = {
			isa = PBXGroup;
			children = (
				2BA1A805231FF4DB0047CAED /* GDorisCropOverlayView.h */,
				2BA1A80A231FF4DB0047CAED /* GDorisCropOverlayView.m */,
				2BA1A806231FF4DB0047CAED /* GDorisCropScrollView.h */,
				2BA1A809231FF4DB0047CAED /* GDorisCropScrollView.m */,
				2BA1A808231FF4DB0047CAED /* GDorisCropView.h */,
				2BA1A804231FF4DB0047CAED /* GDorisCropView.m */,
				2BA1A803231FF4DB0047CAED /* UIImage+GDorisCropRotate.h */,
				2BA1A807231FF4DB0047CAED /* UIImage+GDorisCropRotate.m */,
			);
			path = PhotoCrop;
			sourceTree = "<group>";
		};
		2BA1A80B231FF4DB0047CAED /* PhotoBrowser */ = {
			isa = PBXGroup;
			children = (
				2BA1A80C231FF4DB0047CAED /* Controllers */,
				2BA1A811231FF4DB0047CAED /* Views */,
				2BA1A81C231FF4DB0047CAED /* Helper */,
			);
			path = PhotoBrowser;
			sourceTree = "<group>";
		};
		2BA1A80C231FF4DB0047CAED /* Controllers */ = {
			isa = PBXGroup;
			children = (
				2BA1A80D231FF4DB0047CAED /* GDorisBasePhotoBrowserController.h */,
				2BA1A80F231FF4DB0047CAED /* GDorisBasePhotoBrowserController.m */,
				2BA1A810231FF4DB0047CAED /* GDorisPhotoBrowserControllerInternal.h */,
				2BA1A80E231FF4DB0047CAED /* GDorisPhotoBrowserDelegate.h */,
			);
			path = Controllers;
			sourceTree = "<group>";
		};
		2BA1A811231FF4DB0047CAED /* Views */ = {
			isa = PBXGroup;
			children = (
				2BA1A814231FF4DB0047CAED /* GDorisLargeImageView.h */,
				2BA1A81B231FF4DB0047CAED /* GDorisLargeImageView.m */,
				2BA1A815231FF4DB0047CAED /* GDorisPhotoBrowserAnimationCell.h */,
				2BA1A819231FF4DB0047CAED /* GDorisPhotoBrowserAnimationCell.m */,
				2BA1A81A231FF4DB0047CAED /* GDorisPhotoBrowserContentCell.h */,
				2BA1A816231FF4DB0047CAED /* GDorisPhotoBrowserContentCell.m */,
				2BA1A812231FF4DB0047CAED /* GDorisPhotoBrowserVideoCell.h */,
				2BA1A817231FF4DB0047CAED /* GDorisPhotoBrowserVideoCell.m */,
				2BA1A818231FF4DB0047CAED /* GDorisTiledLayerView.h */,
				2BA1A813231FF4DB0047CAED /* GDorisTiledLayerView.m */,
			);
			path = Views;
			sourceTree = "<group>";
		};
		2BA1A81C231FF4DB0047CAED /* Helper */ = {
			isa = PBXGroup;
			children = (
				2BA1A81D231FF4DB0047CAED /* IGDorisPhotoItem.h */,
				2BA1A856232007410047CAED /* GDorisPhotoItem.h */,
				2BA1A857232007410047CAED /* GDorisPhotoItem.m */,
			);
			path = Helper;
			sourceTree = "<group>";
		};
		2BA1A84A231FF64B0047CAED /* WXPhotoPicker */ = {
			isa = PBXGroup;
			children = (
				2BA1A798231FF4BD0047CAED /* GDorisWXToolbar.h */,
				2BA1A780231FF4BD0047CAED /* GDorisWXToolbar.m */,
				2BA1A795231FF4BD0047CAED /* GDorisWXPhotoPickerController.h */,
				2BA1A783231FF4BD0047CAED /* GDorisWXPhotoPickerController.m */,
				2BA1A79E231FF4BD0047CAED /* GDorisWXAlbumViewController.h */,
				2BA1A77F231FF4BD0047CAED /* GDorisWXAlbumViewController.m */,
			);
			name = WXPhotoPicker;
			sourceTree = "<group>";
		};
		2BA1A84B231FF65F0047CAED /* WXPhotoPickerBrowser */ = {
			isa = PBXGroup;
			children = (
				2BA1A797231FF4BD0047CAED /* GDorisWXPhotoBrowserController.h */,
				2BA1A781231FF4BD0047CAED /* GDorisWXPhotoBrowserController.m */,
				2BA1A796231FF4BD0047CAED /* GDorisWXThumbnailContainer.h */,
				2BA1A782231FF4BD0047CAED /* GDorisWXThumbnailContainer.m */,
			);
			name = WXPhotoPickerBrowser;
			sourceTree = "<group>";
		};
		2BA1A84C231FF6940047CAED /* WXPhotoEidt */ = {
			isa = PBXGroup;
			children = (
				2BA1A787231FF4BD0047CAED /* GDorisWXPhotoEditController.h */,
				2BA1A778231FF4BD0047CAED /* GDorisWXPhotoEditController.m */,
				2BA1A77E231FF4BD0047CAED /* GDorisWXEditColorPanel.h */,
				2BA1A794231FF4BD0047CAED /* GDorisWXEditColorPanel.m */,
				2BA1A785231FF4BD0047CAED /* GDorisWXEditCropMaskView.h */,
				2BA1A77B231FF4BD0047CAED /* GDorisWXEditCropMaskView.m */,
				2BA1A77C231FF4BD0047CAED /* GDorisWXEditCropToolbar.h */,
				2BA1A793231FF4BD0047CAED /* GDorisWXEditCropToolbar.m */,
				2BA1A784231FF4BD0047CAED /* GDorisWXEditHitTestView.h */,
				2BA1A77A231FF4BD0047CAED /* GDorisWXEditHitTestView.m */,
				2BA1A779231FF4BD0047CAED /* GDorisWXEditToolbar.h */,
				2BA1A786231FF4BD0047CAED /* GDorisWXEditToolbar.m */,
				2BA1A77D231FF4BD0047CAED /* GDorisWXPhotoCropController.h */,
				2BA1A788231FF4BD0047CAED /* GDorisWXPhotoCropController.m */,
			);
			name = WXPhotoEidt;
			sourceTree = "<group>";
		};
		2BA1A85923200C200047CAED /* DorisPhotoPicker */ = {
			isa = PBXGroup;
			children = (
				2BA1A86323200D140047CAED /* GDorisPhotoPickerController.h */,
				2BA1A86423200D140047CAED /* GDorisPhotoPickerController.m */,
				2B4B144B2320F8070017ADB1 /* GDoirsPhotoPickerToolbar.h */,
				2B4B144C2320F8070017ADB1 /* GDoirsPhotoPickerToolbar.m */,
			);
			path = DorisPhotoPicker;
			sourceTree = "<group>";
		};
		2BA1A85A23200C340047CAED /* DorisPhotoPickerBrowser */ = {
			isa = PBXGroup;
			children = (
				2BA1A86023200CF50047CAED /* GDorisPhotoPickerBrowserController.h */,
				2BA1A86123200CF50047CAED /* GDorisPhotoPickerBrowserController.m */,
			);
			path = DorisPhotoPickerBrowser;
			sourceTree = "<group>";
		};
		2BA1A85C23200C520047CAED /* GDorisPhotoBrowser */ = {
			isa = PBXGroup;
			children = (
				2BA1A85D23200CD40047CAED /* GDorisPhotoBrowserController.h */,
				2BA1A85E23200CD40047CAED /* GDorisPhotoBrowserController.m */,
			);
			path = GDorisPhotoBrowser;
			sourceTree = "<group>";
		};
		2BBF094C21B80D02006132E6 = {
			isa = PBXGroup;
			children = (
				2BBF095721B80D02006132E6 /* GDorisPhotoKitExample */,
				2BBF097021B80D04006132E6 /* GDorisPhotoKitExampleTests */,
				2BBF097B21B80D04006132E6 /* GDorisPhotoKitExampleUITests */,
				2BBF095621B80D02006132E6 /* Products */,
				B4B9003A91689A4BAECDD4A6 /* Pods */,
				0198A985A489F24A7485CC93 /* Frameworks */,
			);
			sourceTree = "<group>";
		};
		2BBF095621B80D02006132E6 /* Products */ = {
			isa = PBXGroup;
			children = (
				2BBF095521B80D02006132E6 /* GDorisPhotoKitExample.app */,
				2BBF096D21B80D04006132E6 /* GDorisPhotoKitExampleTests.xctest */,
				2BBF097821B80D04006132E6 /* GDorisPhotoKitExampleUITests.xctest */,
			);
			name = Products;
			sourceTree = "<group>";
		};
		2BBF095721B80D02006132E6 /* GDorisPhotoKitExample */ = {
			isa = PBXGroup;
			children = (
				2BA1A85C23200C520047CAED /* GDorisPhotoBrowser */,
				2BA1A775231FF4BD0047CAED /* GDorisPhotoPicker */,
				2BA1A777231FF4BD0047CAED /* GDorisWXPhotoPicker */,
				2BA1A7B2231FF4DB0047CAED /* PhotoKitCore */,
				2BA1A774231FF4BD0047CAED /* ViewController.h */,
				2BA1A776231FF4BD0047CAED /* ViewController.m */,
				2BBF095821B80D02006132E6 /* AppDelegate.h */,
				2BBF095921B80D02006132E6 /* AppDelegate.m */,
				2BA1A84E231FF7AF0047CAED /* UINavigationController+XCCStatusBar.h */,
				2BA1A84D231FF7AF0047CAED /* UINavigationController+XCCStatusBar.m */,
				2BBF095E21B80D02006132E6 /* Main.storyboard */,
				2BBF096121B80D04006132E6 /* Assets.xcassets */,
				2BBF096321B80D04006132E6 /* LaunchScreen.storyboard */,
				2BBF096621B80D04006132E6 /* Info.plist */,
				2BBF096721B80D04006132E6 /* main.m */,
			);
			path = GDorisPhotoKitExample;
			sourceTree = "<group>";
		};
		2BBF097021B80D04006132E6 /* GDorisPhotoKitExampleTests */ = {
			isa = PBXGroup;
			children = (
				2BBF097121B80D04006132E6 /* GDorisPhotoKitExampleTests.m */,
				2BBF097321B80D04006132E6 /* Info.plist */,
			);
			path = GDorisPhotoKitExampleTests;
			sourceTree = "<group>";
		};
		2BBF097B21B80D04006132E6 /* GDorisPhotoKitExampleUITests */ = {
			isa = PBXGroup;
			children = (
				2BBF097C21B80D04006132E6 /* GDorisPhotoKitExampleUITests.m */,
				2BBF097E21B80D04006132E6 /* Info.plist */,
			);
			path = GDorisPhotoKitExampleUITests;
			sourceTree = "<group>";
		};
		B4B9003A91689A4BAECDD4A6 /* Pods */ = {
			isa = PBXGroup;
			children = (
				E00FEED5CA7351281491C71D /* Pods-GDorisPhotoKitExample.debug.xcconfig */,
				4A6215278A617919C3B9E7A6 /* Pods-GDorisPhotoKitExample.release.xcconfig */,
				67FAD9000F7B11B35F74EEBA /* Pods-GDorisPhotoKitExampleTests.debug.xcconfig */,
				D61772628B95261A1EF95F8D /* Pods-GDorisPhotoKitExampleTests.release.xcconfig */,
				ACE071AFE2EA5A35E0AE12D2 /* Pods-GDorisPhotoKitExampleUITests.debug.xcconfig */,
				9C561D5DAE098DB1D56F556C /* Pods-GDorisPhotoKitExampleUITests.release.xcconfig */,
			);
			name = Pods;
			sourceTree = "<group>";
		};
/* End PBXGroup section */

/* Begin PBXNativeTarget section */
		2BBF095421B80D02006132E6 /* GDorisPhotoKitExample */ = {
			isa = PBXNativeTarget;
			buildConfigurationList = 2BBF098121B80D04006132E6 /* Build configuration list for PBXNativeTarget "GDorisPhotoKitExample" */;
			buildPhases = (
				E8B2697D406FDF1FD5D1586E /* [CP] Check Pods Manifest.lock */,
				2BBF095121B80D02006132E6 /* Sources */,
				2BBF095221B80D02006132E6 /* Frameworks */,
				2BBF095321B80D02006132E6 /* Resources */,
				B2EAABDE71666D6149E763D4 /* [CP] Copy Pods Resources */,
			);
			buildRules = (
			);
			dependencies = (
			);
			name = GDorisPhotoKitExample;
			productName = GDorisPhotoKitExample;
			productReference = 2BBF095521B80D02006132E6 /* GDorisPhotoKitExample.app */;
			productType = "com.apple.product-type.application";
		};
		2BBF096C21B80D04006132E6 /* GDorisPhotoKitExampleTests */ = {
			isa = PBXNativeTarget;
			buildConfigurationList = 2BBF098421B80D04006132E6 /* Build configuration list for PBXNativeTarget "GDorisPhotoKitExampleTests" */;
			buildPhases = (
				4FF67426A2EB90231CA4440A /* [CP] Check Pods Manifest.lock */,
				2BBF096921B80D04006132E6 /* Sources */,
				2BBF096A21B80D04006132E6 /* Frameworks */,
				2BBF096B21B80D04006132E6 /* Resources */,
			);
			buildRules = (
			);
			dependencies = (
				2BBF096F21B80D04006132E6 /* PBXTargetDependency */,
			);
			name = GDorisPhotoKitExampleTests;
			productName = GDorisPhotoKitExampleTests;
			productReference = 2BBF096D21B80D04006132E6 /* GDorisPhotoKitExampleTests.xctest */;
			productType = "com.apple.product-type.bundle.unit-test";
		};
		2BBF097721B80D04006132E6 /* GDorisPhotoKitExampleUITests */ = {
			isa = PBXNativeTarget;
			buildConfigurationList = 2BBF098721B80D04006132E6 /* Build configuration list for PBXNativeTarget "GDorisPhotoKitExampleUITests" */;
			buildPhases = (
				BAA33724AE65DE3DF61AF618 /* [CP] Check Pods Manifest.lock */,
				2BBF097421B80D04006132E6 /* Sources */,
				2BBF097521B80D04006132E6 /* Frameworks */,
				2BBF097621B80D04006132E6 /* Resources */,
			);
			buildRules = (
			);
			dependencies = (
				2BBF097A21B80D04006132E6 /* PBXTargetDependency */,
			);
			name = GDorisPhotoKitExampleUITests;
			productName = GDorisPhotoKitExampleUITests;
			productReference = 2BBF097821B80D04006132E6 /* GDorisPhotoKitExampleUITests.xctest */;
			productType = "com.apple.product-type.bundle.ui-testing";
		};
/* End PBXNativeTarget section */

/* Begin PBXProject section */
		2BBF094D21B80D02006132E6 /* Project object */ = {
			isa = PBXProject;
			attributes = {
				LastUpgradeCheck = 1000;
				ORGANIZATIONNAME = GIKI;
				TargetAttributes = {
					2BBF095421B80D02006132E6 = {
						CreatedOnToolsVersion = 10.0;
					};
					2BBF096C21B80D04006132E6 = {
						CreatedOnToolsVersion = 10.0;
						TestTargetID = 2BBF095421B80D02006132E6;
					};
					2BBF097721B80D04006132E6 = {
						CreatedOnToolsVersion = 10.0;
						TestTargetID = 2BBF095421B80D02006132E6;
					};
				};
			};
			buildConfigurationList = 2BBF095021B80D02006132E6 /* Build configuration list for PBXProject "GDorisPhotoKitExample" */;
			compatibilityVersion = "Xcode 9.3";
			developmentRegion = en;
			hasScannedForEncodings = 0;
			knownRegions = (
				en,
				Base,
			);
			mainGroup = 2BBF094C21B80D02006132E6;
			productRefGroup = 2BBF095621B80D02006132E6 /* Products */;
			projectDirPath = "";
			projectRoot = "";
			targets = (
				2BBF095421B80D02006132E6 /* GDorisPhotoKitExample */,
				2BBF096C21B80D04006132E6 /* GDorisPhotoKitExampleTests */,
				2BBF097721B80D04006132E6 /* GDorisPhotoKitExampleUITests */,
			);
		};
/* End PBXProject section */

/* Begin PBXResourcesBuildPhase section */
		2BBF095321B80D02006132E6 /* Resources */ = {
			isa = PBXResourcesBuildPhase;
			buildActionMask = 2147483647;
			files = (
				2BA1A830231FF4DB0047CAED /* GDorisPhotoPicker.bundle in Resources */,
				2BBF096521B80D04006132E6 /* LaunchScreen.storyboard in Resources */,
				2BBF096221B80D04006132E6 /* Assets.xcassets in Resources */,
				2BBF096021B80D02006132E6 /* Main.storyboard in Resources */,
			);
			runOnlyForDeploymentPostprocessing = 0;
		};
		2BBF096B21B80D04006132E6 /* Resources */ = {
			isa = PBXResourcesBuildPhase;
			buildActionMask = 2147483647;
			files = (
			);
			runOnlyForDeploymentPostprocessing = 0;
		};
		2BBF097621B80D04006132E6 /* Resources */ = {
			isa = PBXResourcesBuildPhase;
			buildActionMask = 2147483647;
			files = (
			);
			runOnlyForDeploymentPostprocessing = 0;
		};
/* End PBXResourcesBuildPhase section */

/* Begin PBXShellScriptBuildPhase section */
		4FF67426A2EB90231CA4440A /* [CP] Check Pods Manifest.lock */ = {
			isa = PBXShellScriptBuildPhase;
			buildActionMask = 2147483647;
			files = (
			);
			inputPaths = (
				"${PODS_PODFILE_DIR_PATH}/Podfile.lock",
				"${PODS_ROOT}/Manifest.lock",
			);
			name = "[CP] Check Pods Manifest.lock";
			outputPaths = (
				"$(DERIVED_FILE_DIR)/Pods-GDorisPhotoKitExampleTests-checkManifestLockResult.txt",
			);
			runOnlyForDeploymentPostprocessing = 0;
			shellPath = /bin/sh;
			shellScript = "diff \"${PODS_PODFILE_DIR_PATH}/Podfile.lock\" \"${PODS_ROOT}/Manifest.lock\" > /dev/null\nif [ $? != 0 ] ; then\n    # print error to STDERR\n    echo \"error: The sandbox is not in sync with the Podfile.lock. Run 'pod install' or update your CocoaPods installation.\" >&2\n    exit 1\nfi\n# This output is used by Xcode 'outputs' to avoid re-running this script phase.\necho \"SUCCESS\" > \"${SCRIPT_OUTPUT_FILE_0}\"\n";
			showEnvVarsInLog = 0;
		};
		B2EAABDE71666D6149E763D4 /* [CP] Copy Pods Resources */ = {
			isa = PBXShellScriptBuildPhase;
			buildActionMask = 2147483647;
			files = (
			);
			inputPaths = (
				"${PODS_ROOT}/Target Support Files/Pods-GDorisPhotoKitExample/Pods-GDorisPhotoKitExample-resources.sh",
				"${PODS_CONFIGURATION_BUILD_DIR}/TOCropViewController/TOCropViewControllerBundle.bundle",
			);
			name = "[CP] Copy Pods Resources";
			outputPaths = (
				"${TARGET_BUILD_DIR}/${UNLOCALIZED_RESOURCES_FOLDER_PATH}/TOCropViewControllerBundle.bundle",
			);
			runOnlyForDeploymentPostprocessing = 0;
			shellPath = /bin/sh;
			shellScript = "\"${PODS_ROOT}/Target Support Files/Pods-GDorisPhotoKitExample/Pods-GDorisPhotoKitExample-resources.sh\"\n";
			showEnvVarsInLog = 0;
		};
		BAA33724AE65DE3DF61AF618 /* [CP] Check Pods Manifest.lock */ = {
			isa = PBXShellScriptBuildPhase;
			buildActionMask = 2147483647;
			files = (
			);
			inputPaths = (
				"${PODS_PODFILE_DIR_PATH}/Podfile.lock",
				"${PODS_ROOT}/Manifest.lock",
			);
			name = "[CP] Check Pods Manifest.lock";
			outputPaths = (
				"$(DERIVED_FILE_DIR)/Pods-GDorisPhotoKitExampleUITests-checkManifestLockResult.txt",
			);
			runOnlyForDeploymentPostprocessing = 0;
			shellPath = /bin/sh;
			shellScript = "diff \"${PODS_PODFILE_DIR_PATH}/Podfile.lock\" \"${PODS_ROOT}/Manifest.lock\" > /dev/null\nif [ $? != 0 ] ; then\n    # print error to STDERR\n    echo \"error: The sandbox is not in sync with the Podfile.lock. Run 'pod install' or update your CocoaPods installation.\" >&2\n    exit 1\nfi\n# This output is used by Xcode 'outputs' to avoid re-running this script phase.\necho \"SUCCESS\" > \"${SCRIPT_OUTPUT_FILE_0}\"\n";
			showEnvVarsInLog = 0;
		};
		E8B2697D406FDF1FD5D1586E /* [CP] Check Pods Manifest.lock */ = {
			isa = PBXShellScriptBuildPhase;
			buildActionMask = 2147483647;
			files = (
			);
			inputPaths = (
				"${PODS_PODFILE_DIR_PATH}/Podfile.lock",
				"${PODS_ROOT}/Manifest.lock",
			);
			name = "[CP] Check Pods Manifest.lock";
			outputPaths = (
				"$(DERIVED_FILE_DIR)/Pods-GDorisPhotoKitExample-checkManifestLockResult.txt",
			);
			runOnlyForDeploymentPostprocessing = 0;
			shellPath = /bin/sh;
			shellScript = "diff \"${PODS_PODFILE_DIR_PATH}/Podfile.lock\" \"${PODS_ROOT}/Manifest.lock\" > /dev/null\nif [ $? != 0 ] ; then\n    # print error to STDERR\n    echo \"error: The sandbox is not in sync with the Podfile.lock. Run 'pod install' or update your CocoaPods installation.\" >&2\n    exit 1\nfi\n# This output is used by Xcode 'outputs' to avoid re-running this script phase.\necho \"SUCCESS\" > \"${SCRIPT_OUTPUT_FILE_0}\"\n";
			showEnvVarsInLog = 0;
		};
/* End PBXShellScriptBuildPhase section */

/* Begin PBXSourcesBuildPhase section */
		2BBF095121B80D02006132E6 /* Sources */ = {
			isa = PBXSourcesBuildPhase;
			buildActionMask = 2147483647;
			files = (
				2BA1A822231FF4DB0047CAED /* GDoris3DTouchPreviewController.m in Sources */,
				2BA1A7B1231FF4BE0047CAED /* UIView+GDoris.m in Sources */,
				2BA1A821231FF4DB0047CAED /* GDorisAssetItem.m in Sources */,
				2BA1A81E231FF4DB0047CAED /* GDorisScrollerPanGesutreRecognizer.m in Sources */,
				2BA1A847231FF4DB0047CAED /* GDorisPhotoBrowserAnimationCell.m in Sources */,
				2BA1A7A5231FF4BE0047CAED /* GDorisWXPhotoBrowserController.m in Sources */,
				2BA1A81F231FF4DB0047CAED /* GScrollerGestureTransition.m in Sources */,
				2BA1A831231FF4DB0047CAED /* GDorisPhotoPickerConfiguration.m in Sources */,
				2BA1A7A1231FF4BE0047CAED /* GDorisWXEditHitTestView.m in Sources */,
				2BA1A828231FF4DB0047CAED /* GDorisProgressView.m in Sources */,
				2BA1A846231FF4DB0047CAED /* GDorisPhotoBrowserVideoCell.m in Sources */,
				2BA1A7A9231FF4BE0047CAED /* GDorisWXPhotoCropController.m in Sources */,
				2BA1A843231FF4DB0047CAED /* GDorisBasePhotoBrowserController.m in Sources */,
				2BA1A82F231FF4DB0047CAED /* GDorisPhotoActionHandler.m in Sources */,
				2BA1A825231FF4DB0047CAED /* GDorisAnimatedButton.m in Sources */,
				2BA1A839231FF4DB0047CAED /* GDorisCanvasView.m in Sources */,
				2BA1A7AA231FF4BE0047CAED /* GNavigationButton.m in Sources */,
				2BA1A7AE231FF4BE0047CAED /* GDorisWXEditCropToolbar.m in Sources */,
				2BA1A79F231FF4BE0047CAED /* ViewController.m in Sources */,
				2BA1A82B231FF4DB0047CAED /* GDorisPhotoAlbumCell.m in Sources */,
				2BA1A7AF231FF4BE0047CAED /* GDorisWXEditColorPanel.m in Sources */,
				2BA1A840231FF4DB0047CAED /* UIImage+GDorisCropRotate.m in Sources */,
				2BA1A842231FF4DB0047CAED /* GDorisCropOverlayView.m in Sources */,
				2BA1A83C231FF4DB0047CAED /* GDorisPhotoInputView.m in Sources */,
				2BA1A829231FF4DB0047CAED /* GDorisLivePhotoPickerCell.m in Sources */,
				2BA1A858232007410047CAED /* GDorisPhotoItem.m in Sources */,
				2BA1A848231FF4DB0047CAED /* GDorisLargeImageView.m in Sources */,
				2BA1A85F23200CD40047CAED /* GDorisPhotoBrowserController.m in Sources */,
				2BA1A82C231FF4DB0047CAED /* GDorisPickerHandler.m in Sources */,
				2BA1A826231FF4DB0047CAED /* GDorisPhotoPickerBaseCell.m in Sources */,
				2BA1A837231FF4DB0047CAED /* GDorisCanvasLayerView.m in Sources */,
				2BBF096821B80D04006132E6 /* main.m in Sources */,
				2BA1A7A8231FF4BE0047CAED /* GDorisWXEditToolbar.m in Sources */,
				2BA1A7B0231FF4BE0047CAED /* UIButton+GDoris.m in Sources */,
				2BA1A833231FF4DB0047CAED /* XCAssetsManager.m in Sources */,
				2BA1A7AB231FF4BE0047CAED /* GNavigationBar.m in Sources */,
				2BA1A835231FF4DB0047CAED /* XCAssetsGroup.m in Sources */,
				2BBF095A21B80D02006132E6 /* AppDelegate.m in Sources */,
				2BA1A7A0231FF4BE0047CAED /* GDorisWXPhotoEditController.m in Sources */,
				2BA1A7A3231FF4BE0047CAED /* GDorisWXAlbumViewController.m in Sources */,
				2BA1A83A231FF4DB0047CAED /* UIImage+GDorisDraw.m in Sources */,
				2BA1A83E231FF4DB0047CAED /* GDorisDragDropView.m in Sources */,
				2B4B14532320F9B70017ADB1 /* GAdjustButton.m in Sources */,
				2BA1A83D231FF4DB0047CAED /* GDorisInputViewController.m in Sources */,
				2BA1A836231FF4DB0047CAED /* GDorisVertex.m in Sources */,
				2BA1A7A6231FF4BE0047CAED /* GDorisWXThumbnailContainer.m in Sources */,
				2BA1A83B231FF4DB0047CAED /* GDorisPhotoTextView.m in Sources */,
				2BA1A83F231FF4DB0047CAED /* GDorisCropView.m in Sources */,
				2BA1A852231FF9270047CAED /* GDorisBasePhotoPickerBrowserController.m in Sources */,
				2BA1A834231FF4DB0047CAED /* XCAsset.m in Sources */,
				2BA1A82D231FF4DB0047CAED /* UICollectionViewCell+GDorisWorker.m in Sources */,
				2BA1A86523200D140047CAED /* GDorisPhotoPickerController.m in Sources */,
				2BA1A7A4231FF4BE0047CAED /* GDorisWXToolbar.m in Sources */,
				2B4B144D2320F8070017ADB1 /* GDoirsPhotoPickerToolbar.m in Sources */,
				2BA1A86223200CF50047CAED /* GDorisPhotoPickerBrowserController.m in Sources */,
				2BA1A820231FF4DB0047CAED /* GDorisPhotoZoomAnimatedTransition.m in Sources */,
				2BA1A823231FF4DB0047CAED /* GDorisBasePhotoPickerController.m in Sources */,
				2BA1A845231FF4DB0047CAED /* GDorisPhotoBrowserContentCell.m in Sources */,
				2BA1A7A7231FF4BE0047CAED /* GDorisWXPhotoPickerController.m in Sources */,
				2BA1A84F231FF7AF0047CAED /* UINavigationController+XCCStatusBar.m in Sources */,
				2BA1A7A2231FF4BE0047CAED /* GDorisWXEditCropMaskView.m in Sources */,
				2BA1A824231FF4DB0047CAED /* GDorisPhotoPickerCameraCell.m in Sources */,
				2B4B14502320F9A20017ADB1 /* GDorisIMGButton.m in Sources */,
				2BA1A827231FF4DB0047CAED /* GDorisPhotoAlbumTableView.m in Sources */,
				2BA1A82A231FF4DB0047CAED /* GDorisGifPhotoPickerCell.m in Sources */,
				2BA1A838231FF4DB0047CAED /* GDorisLine.m in Sources */,
				2BA1A855232002910047CAED /* GDorisPhotoPickerBrowserCell.m in Sources */,
				2BA1A844231FF4DB0047CAED /* GDorisTiledLayerView.m in Sources */,
				2BA1A82E231FF4DB0047CAED /* GDorisRunLoopWorker.m in Sources */,
				2BA1A7AC231FF4BE0047CAED /* GNavItemFactory.m in Sources */,
				2BA1A7AD231FF4BE0047CAED /* GNavigationItem.m in Sources */,
				2BA1A832231FF4DB0047CAED /* GDorisPhotoHelper.m in Sources */,
				2BA1A841231FF4DB0047CAED /* GDorisCropScrollView.m in Sources */,
			);
			runOnlyForDeploymentPostprocessing = 0;
		};
		2BBF096921B80D04006132E6 /* Sources */ = {
			isa = PBXSourcesBuildPhase;
			buildActionMask = 2147483647;
			files = (
				2BBF097221B80D04006132E6 /* GDorisPhotoKitExampleTests.m in Sources */,
			);
			runOnlyForDeploymentPostprocessing = 0;
		};
		2BBF097421B80D04006132E6 /* Sources */ = {
			isa = PBXSourcesBuildPhase;
			buildActionMask = 2147483647;
			files = (
				2BBF097D21B80D04006132E6 /* GDorisPhotoKitExampleUITests.m in Sources */,
			);
			runOnlyForDeploymentPostprocessing = 0;
		};
/* End PBXSourcesBuildPhase section */

/* Begin PBXTargetDependency section */
		2BBF096F21B80D04006132E6 /* PBXTargetDependency */ = {
			isa = PBXTargetDependency;
			target = 2BBF095421B80D02006132E6 /* GDorisPhotoKitExample */;
			targetProxy = 2BBF096E21B80D04006132E6 /* PBXContainerItemProxy */;
		};
		2BBF097A21B80D04006132E6 /* PBXTargetDependency */ = {
			isa = PBXTargetDependency;
			target = 2BBF095421B80D02006132E6 /* GDorisPhotoKitExample */;
			targetProxy = 2BBF097921B80D04006132E6 /* PBXContainerItemProxy */;
		};
/* End PBXTargetDependency section */

/* Begin PBXVariantGroup section */
		2BBF095E21B80D02006132E6 /* Main.storyboard */ = {
			isa = PBXVariantGroup;
			children = (
				2BBF095F21B80D02006132E6 /* Base */,
			);
			name = Main.storyboard;
			sourceTree = "<group>";
		};
		2BBF096321B80D04006132E6 /* LaunchScreen.storyboard */ = {
			isa = PBXVariantGroup;
			children = (
				2BBF096421B80D04006132E6 /* Base */,
			);
			name = LaunchScreen.storyboard;
			sourceTree = "<group>";
		};
/* End PBXVariantGroup section */

/* Begin XCBuildConfiguration section */
		2BBF097F21B80D04006132E6 /* Debug */ = {
			isa = XCBuildConfiguration;
			buildSettings = {
				ALWAYS_SEARCH_USER_PATHS = NO;
				CLANG_ANALYZER_NONNULL = YES;
				CLANG_ANALYZER_NUMBER_OBJECT_CONVERSION = YES_AGGRESSIVE;
				CLANG_CXX_LANGUAGE_STANDARD = "gnu++14";
				CLANG_CXX_LIBRARY = "libc++";
				CLANG_ENABLE_MODULES = YES;
				CLANG_ENABLE_OBJC_ARC = YES;
				CLANG_ENABLE_OBJC_WEAK = YES;
				CLANG_WARN_BLOCK_CAPTURE_AUTORELEASING = YES;
				CLANG_WARN_BOOL_CONVERSION = YES;
				CLANG_WARN_COMMA = YES;
				CLANG_WARN_CONSTANT_CONVERSION = YES;
				CLANG_WARN_DEPRECATED_OBJC_IMPLEMENTATIONS = YES;
				CLANG_WARN_DIRECT_OBJC_ISA_USAGE = YES_ERROR;
				CLANG_WARN_DOCUMENTATION_COMMENTS = YES;
				CLANG_WARN_EMPTY_BODY = YES;
				CLANG_WARN_ENUM_CONVERSION = YES;
				CLANG_WARN_INFINITE_RECURSION = YES;
				CLANG_WARN_INT_CONVERSION = YES;
				CLANG_WARN_NON_LITERAL_NULL_CONVERSION = YES;
				CLANG_WARN_OBJC_IMPLICIT_RETAIN_SELF = YES;
				CLANG_WARN_OBJC_LITERAL_CONVERSION = YES;
				CLANG_WARN_OBJC_ROOT_CLASS = YES_ERROR;
				CLANG_WARN_RANGE_LOOP_ANALYSIS = YES;
				CLANG_WARN_STRICT_PROTOTYPES = YES;
				CLANG_WARN_SUSPICIOUS_MOVE = YES;
				CLANG_WARN_UNGUARDED_AVAILABILITY = YES_AGGRESSIVE;
				CLANG_WARN_UNREACHABLE_CODE = YES;
				CLANG_WARN__DUPLICATE_METHOD_MATCH = YES;
				CODE_SIGN_IDENTITY = "iPhone Developer";
				COPY_PHASE_STRIP = NO;
				DEBUG_INFORMATION_FORMAT = dwarf;
				ENABLE_STRICT_OBJC_MSGSEND = YES;
				ENABLE_TESTABILITY = YES;
				GCC_C_LANGUAGE_STANDARD = gnu11;
				GCC_DYNAMIC_NO_PIC = NO;
				GCC_NO_COMMON_BLOCKS = YES;
				GCC_OPTIMIZATION_LEVEL = 0;
				GCC_PREPROCESSOR_DEFINITIONS = (
					"DEBUG=1",
					"$(inherited)",
				);
				GCC_WARN_64_TO_32_BIT_CONVERSION = YES;
				GCC_WARN_ABOUT_RETURN_TYPE = YES_ERROR;
				GCC_WARN_UNDECLARED_SELECTOR = YES;
				GCC_WARN_UNINITIALIZED_AUTOS = YES_AGGRESSIVE;
				GCC_WARN_UNUSED_FUNCTION = YES;
				GCC_WARN_UNUSED_VARIABLE = YES;
				IPHONEOS_DEPLOYMENT_TARGET = 12.0;
				MTL_ENABLE_DEBUG_INFO = INCLUDE_SOURCE;
				MTL_FAST_MATH = YES;
				ONLY_ACTIVE_ARCH = YES;
				SDKROOT = iphoneos;
			};
			name = Debug;
		};
		2BBF098021B80D04006132E6 /* Release */ = {
			isa = XCBuildConfiguration;
			buildSettings = {
				ALWAYS_SEARCH_USER_PATHS = NO;
				CLANG_ANALYZER_NONNULL = YES;
				CLANG_ANALYZER_NUMBER_OBJECT_CONVERSION = YES_AGGRESSIVE;
				CLANG_CXX_LANGUAGE_STANDARD = "gnu++14";
				CLANG_CXX_LIBRARY = "libc++";
				CLANG_ENABLE_MODULES = YES;
				CLANG_ENABLE_OBJC_ARC = YES;
				CLANG_ENABLE_OBJC_WEAK = YES;
				CLANG_WARN_BLOCK_CAPTURE_AUTORELEASING = YES;
				CLANG_WARN_BOOL_CONVERSION = YES;
				CLANG_WARN_COMMA = YES;
				CLANG_WARN_CONSTANT_CONVERSION = YES;
				CLANG_WARN_DEPRECATED_OBJC_IMPLEMENTATIONS = YES;
				CLANG_WARN_DIRECT_OBJC_ISA_USAGE = YES_ERROR;
				CLANG_WARN_DOCUMENTATION_COMMENTS = YES;
				CLANG_WARN_EMPTY_BODY = YES;
				CLANG_WARN_ENUM_CONVERSION = YES;
				CLANG_WARN_INFINITE_RECURSION = YES;
				CLANG_WARN_INT_CONVERSION = YES;
				CLANG_WARN_NON_LITERAL_NULL_CONVERSION = YES;
				CLANG_WARN_OBJC_IMPLICIT_RETAIN_SELF = YES;
				CLANG_WARN_OBJC_LITERAL_CONVERSION = YES;
				CLANG_WARN_OBJC_ROOT_CLASS = YES_ERROR;
				CLANG_WARN_RANGE_LOOP_ANALYSIS = YES;
				CLANG_WARN_STRICT_PROTOTYPES = YES;
				CLANG_WARN_SUSPICIOUS_MOVE = YES;
				CLANG_WARN_UNGUARDED_AVAILABILITY = YES_AGGRESSIVE;
				CLANG_WARN_UNREACHABLE_CODE = YES;
				CLANG_WARN__DUPLICATE_METHOD_MATCH = YES;
				CODE_SIGN_IDENTITY = "iPhone Developer";
				COPY_PHASE_STRIP = NO;
				DEBUG_INFORMATION_FORMAT = "dwarf-with-dsym";
				ENABLE_NS_ASSERTIONS = NO;
				ENABLE_STRICT_OBJC_MSGSEND = YES;
				GCC_C_LANGUAGE_STANDARD = gnu11;
				GCC_NO_COMMON_BLOCKS = YES;
				GCC_WARN_64_TO_32_BIT_CONVERSION = YES;
				GCC_WARN_ABOUT_RETURN_TYPE = YES_ERROR;
				GCC_WARN_UNDECLARED_SELECTOR = YES;
				GCC_WARN_UNINITIALIZED_AUTOS = YES_AGGRESSIVE;
				GCC_WARN_UNUSED_FUNCTION = YES;
				GCC_WARN_UNUSED_VARIABLE = YES;
				IPHONEOS_DEPLOYMENT_TARGET = 12.0;
				MTL_ENABLE_DEBUG_INFO = NO;
				MTL_FAST_MATH = YES;
				SDKROOT = iphoneos;
				VALIDATE_PRODUCT = YES;
			};
			name = Release;
		};
		2BBF098221B80D04006132E6 /* Debug */ = {
			isa = XCBuildConfiguration;
			baseConfigurationReference = E00FEED5CA7351281491C71D /* Pods-GDorisPhotoKitExample.debug.xcconfig */;
			buildSettings = {
				ASSETCATALOG_COMPILER_APPICON_NAME = AppIcon;
				CODE_SIGN_STYLE = Automatic;
				DEVELOPMENT_TEAM = S4NWU843M5;
				INFOPLIST_FILE = GDorisPhotoKitExample/Info.plist;
				IPHONEOS_DEPLOYMENT_TARGET = 9.0;
				LD_RUNPATH_SEARCH_PATHS = (
					"$(inherited)",
					"@executable_path/Frameworks",
				);
				PRODUCT_BUNDLE_IDENTIFIER = www.giki.online.GDorisPhotoKitExample;
				PRODUCT_NAME = "$(TARGET_NAME)";
				TARGETED_DEVICE_FAMILY = "1,2";
			};
			name = Debug;
		};
		2BBF098321B80D04006132E6 /* Release */ = {
			isa = XCBuildConfiguration;
			baseConfigurationReference = 4A6215278A617919C3B9E7A6 /* Pods-GDorisPhotoKitExample.release.xcconfig */;
			buildSettings = {
				ASSETCATALOG_COMPILER_APPICON_NAME = AppIcon;
				CODE_SIGN_STYLE = Automatic;
				DEVELOPMENT_TEAM = S4NWU843M5;
				INFOPLIST_FILE = GDorisPhotoKitExample/Info.plist;
				IPHONEOS_DEPLOYMENT_TARGET = 9.0;
				LD_RUNPATH_SEARCH_PATHS = (
					"$(inherited)",
					"@executable_path/Frameworks",
				);
				PRODUCT_BUNDLE_IDENTIFIER = www.giki.online.GDorisPhotoKitExample;
				PRODUCT_NAME = "$(TARGET_NAME)";
				TARGETED_DEVICE_FAMILY = "1,2";
			};
			name = Release;
		};
		2BBF098521B80D04006132E6 /* Debug */ = {
			isa = XCBuildConfiguration;
			baseConfigurationReference = 67FAD9000F7B11B35F74EEBA /* Pods-GDorisPhotoKitExampleTests.debug.xcconfig */;
			buildSettings = {
				BUNDLE_LOADER = "$(TEST_HOST)";
				CODE_SIGN_STYLE = Automatic;
				DEVELOPMENT_TEAM = RCF9CM736N;
				INFOPLIST_FILE = GDorisPhotoKitExampleTests/Info.plist;
				LD_RUNPATH_SEARCH_PATHS = (
					"$(inherited)",
					"@executable_path/Frameworks",
					"@loader_path/Frameworks",
				);
				PRODUCT_BUNDLE_IDENTIFIER = www.giki.online.GDorisPhotoKitExampleTests;
				PRODUCT_NAME = "$(TARGET_NAME)";
				TARGETED_DEVICE_FAMILY = "1,2";
				TEST_HOST = "$(BUILT_PRODUCTS_DIR)/GDorisPhotoKitExample.app/GDorisPhotoKitExample";
			};
			name = Debug;
		};
		2BBF098621B80D04006132E6 /* Release */ = {
			isa = XCBuildConfiguration;
			baseConfigurationReference = D61772628B95261A1EF95F8D /* Pods-GDorisPhotoKitExampleTests.release.xcconfig */;
			buildSettings = {
				BUNDLE_LOADER = "$(TEST_HOST)";
				CODE_SIGN_STYLE = Automatic;
				DEVELOPMENT_TEAM = RCF9CM736N;
				INFOPLIST_FILE = GDorisPhotoKitExampleTests/Info.plist;
				LD_RUNPATH_SEARCH_PATHS = (
					"$(inherited)",
					"@executable_path/Frameworks",
					"@loader_path/Frameworks",
				);
				PRODUCT_BUNDLE_IDENTIFIER = www.giki.online.GDorisPhotoKitExampleTests;
				PRODUCT_NAME = "$(TARGET_NAME)";
				TARGETED_DEVICE_FAMILY = "1,2";
				TEST_HOST = "$(BUILT_PRODUCTS_DIR)/GDorisPhotoKitExample.app/GDorisPhotoKitExample";
			};
			name = Release;
		};
		2BBF098821B80D04006132E6 /* Debug */ = {
			isa = XCBuildConfiguration;
			baseConfigurationReference = ACE071AFE2EA5A35E0AE12D2 /* Pods-GDorisPhotoKitExampleUITests.debug.xcconfig */;
			buildSettings = {
				CODE_SIGN_STYLE = Automatic;
				DEVELOPMENT_TEAM = RCF9CM736N;
				INFOPLIST_FILE = GDorisPhotoKitExampleUITests/Info.plist;
				LD_RUNPATH_SEARCH_PATHS = (
					"$(inherited)",
					"@executable_path/Frameworks",
					"@loader_path/Frameworks",
				);
				PRODUCT_BUNDLE_IDENTIFIER = www.giki.online.GDorisPhotoKitExampleUITests;
				PRODUCT_NAME = "$(TARGET_NAME)";
				TARGETED_DEVICE_FAMILY = "1,2";
				TEST_TARGET_NAME = GDorisPhotoKitExample;
			};
			name = Debug;
		};
		2BBF098921B80D04006132E6 /* Release */ = {
			isa = XCBuildConfiguration;
			baseConfigurationReference = 9C561D5DAE098DB1D56F556C /* Pods-GDorisPhotoKitExampleUITests.release.xcconfig */;
			buildSettings = {
				CODE_SIGN_STYLE = Automatic;
				DEVELOPMENT_TEAM = RCF9CM736N;
				INFOPLIST_FILE = GDorisPhotoKitExampleUITests/Info.plist;
				LD_RUNPATH_SEARCH_PATHS = (
					"$(inherited)",
					"@executable_path/Frameworks",
					"@loader_path/Frameworks",
				);
				PRODUCT_BUNDLE_IDENTIFIER = www.giki.online.GDorisPhotoKitExampleUITests;
				PRODUCT_NAME = "$(TARGET_NAME)";
				TARGETED_DEVICE_FAMILY = "1,2";
				TEST_TARGET_NAME = GDorisPhotoKitExample;
			};
			name = Release;
		};
/* End XCBuildConfiguration section */

/* Begin XCConfigurationList section */
		2BBF095021B80D02006132E6 /* Build configuration list for PBXProject "GDorisPhotoKitExample" */ = {
			isa = XCConfigurationList;
			buildConfigurations = (
				2BBF097F21B80D04006132E6 /* Debug */,
				2BBF098021B80D04006132E6 /* Release */,
			);
			defaultConfigurationIsVisible = 0;
			defaultConfigurationName = Release;
		};
		2BBF098121B80D04006132E6 /* Build configuration list for PBXNativeTarget "GDorisPhotoKitExample" */ = {
			isa = XCConfigurationList;
			buildConfigurations = (
				2BBF098221B80D04006132E6 /* Debug */,
				2BBF098321B80D04006132E6 /* Release */,
			);
			defaultConfigurationIsVisible = 0;
			defaultConfigurationName = Release;
		};
		2BBF098421B80D04006132E6 /* Build configuration list for PBXNativeTarget "GDorisPhotoKitExampleTests" */ = {
			isa = XCConfigurationList;
			buildConfigurations = (
				2BBF098521B80D04006132E6 /* Debug */,
				2BBF098621B80D04006132E6 /* Release */,
			);
			defaultConfigurationIsVisible = 0;
			defaultConfigurationName = Release;
		};
		2BBF098721B80D04006132E6 /* Build configuration list for PBXNativeTarget "GDorisPhotoKitExampleUITests" */ = {
			isa = XCConfigurationList;
			buildConfigurations = (
				2BBF098821B80D04006132E6 /* Debug */,
				2BBF098921B80D04006132E6 /* Release */,
			);
			defaultConfigurationIsVisible = 0;
			defaultConfigurationName = Release;
		};
/* End XCConfigurationList section */
	};
	rootObject = 2BBF094D21B80D02006132E6 /* Project object */;
}
